{
  "version": 4,
  "terraform_version": "1.5.7",
  "serial": 378,
  "lineage": "e04b4316-8d58-8040-dd1f-eadfbb12b7d8",
  "outputs": {
    "NAT_Public_IP": {
      "value": "3.20.178.234",
      "type": "string"
    },
    "Windows_Instance_id": {
      "value": "i-0087a715b81c3059e",
      "type": "string"
    },
    "Windows_Instance_private_ip": {
      "value": "172.16.7.199",
      "type": "string"
    },
    "Windows_Instance_public_ip": {
      "value": "",
      "type": "string"
    },
    "divya_web_server_encrypted_pwd": {
      "value": "haiQxHROZG5pfvAIaELyjWKrozX2q25ygIdSJeS4C+qbL32pzejPtH2VX3zrl+ri4tWRe3fVi7zhi7E/enr4WtdyooGXhT3n/8AaigilKzOOA+2w7yvFp4FIHb6p6HSUW9V2CxPry+ruJYZoYpyt+5LC6joSCfmZggyCBWKt4TOBV6y9CD3otGpoga0+FBBwSdxMsbJEoBBqtE19rzHVA4SotPEIVGtd/uUem2puqpkQBmuE9BYS0F0oKvl66dytnse0Qu2Okhu/K9sMr+cbAJ6iWYVT2Uw0dWXb2n/QB3YmN4Eg9YP+9gdOqXQepXlcdl3N+hotVnsnYjroqTgukw==",
      "type": "string"
    },
    "explanation": {
      "value": [],
      "type": [
        "list",
        [
          "object",
          {
            "acl": [
              "list",
              [
                "object",
                {
                  "arn": "string",
                  "id": "string",
                  "name": "string"
                }
              ]
            ],
            "acl_rule": [
              "list",
              [
                "object",
                {
                  "cidr": "string",
                  "egress": "bool",
                  "port_range": [
                    "list",
                    [
                      "object",
                      {
                        "from": "number",
                        "to": "number"
                      }
                    ]
                  ],
                  "protocol": "string",
                  "rule_action": "string",
                  "rule_number": "number"
                }
              ]
            ],
            "address": "string",
            "addresses": [
              "list",
              "string"
            ],
            "attached_to": [
              "list",
              [
                "object",
                {
                  "arn": "string",
                  "id": "string",
                  "name": "string"
                }
              ]
            ],
            "availability_zones": [
              "list",
              "string"
            ],
            "cidrs": [
              "list",
              "string"
            ],
            "classic_load_balancer_listener": [
              "list",
              [
                "object",
                {
                  "instance_port": "number",
                  "load_balancer_port": "number"
                }
              ]
            ],
            "component": [
              "list",
              [
                "object",
                {
                  "arn": "string",
                  "id": "string",
                  "name": "string"
                }
              ]
            ],
            "customer_gateway": [
              "list",
              [
                "object",
                {
                  "arn": "string",
                  "id": "string",
                  "name": "string"
                }
              ]
            ],
            "destination": [
              "list",
              [
                "object",
                {
                  "arn": "string",
                  "id": "string",
                  "name": "string"
                }
              ]
            ],
            "destination_vpc": [
              "list",
              [
                "object",
                {
                  "arn": "string",
                  "id": "string",
                  "name": "string"
                }
              ]
            ],
            "direction": "string",
            "elastic_load_balancer_listener": [
              "list",
              [
                "object",
                {
                  "arn": "string",
                  "id": "string",
                  "name": "string"
                }
              ]
            ],
            "explanation_code": "string",
            "ingress_route_table": [
              "list",
              [
                "object",
                {
                  "arn": "string",
                  "id": "string",
                  "name": "string"
                }
              ]
            ],
            "internet_gateway": [
              "list",
              [
                "object",
                {
                  "arn": "string",
                  "id": "string",
                  "name": "string"
                }
              ]
            ],
            "load_balancer_arn": "string",
            "load_balancer_listener_port": "number",
            "load_balancer_target_group": [
              "list",
              [
                "object",
                {
                  "arn": "string",
                  "id": "string",
                  "name": "string"
                }
              ]
            ],
            "load_balancer_target_groups": [
              "list",
              [
                "object",
                {
                  "arn": "string",
                  "id": "string",
                  "name": "string"
                }
              ]
            ],
            "load_balancer_target_port": "number",
            "missing_component": "string",
            "nat_gateway": [
              "list",
              [
                "object",
                {
                  "arn": "string",
                  "id": "string",
                  "name": "string"
                }
              ]
            ],
            "network_interface": [
              "list",
              [
                "object",
                {
                  "arn": "string",
                  "id": "string",
                  "name": "string"
                }
              ]
            ],
            "packet_field": "string",
            "port": "number",
            "port_ranges": [
              "list",
              [
                "object",
                {
                  "from": "number",
                  "to": "number"
                }
              ]
            ],
            "prefix_list": [
              "list",
              [
                "object",
                {
                  "arn": "string",
                  "id": "string",
                  "name": "string"
                }
              ]
            ],
            "protocols": [
              "list",
              "string"
            ],
            "route_table": [
              "list",
              [
                "object",
                {
                  "arn": "string",
                  "id": "string",
                  "name": "string"
                }
              ]
            ],
            "route_table_route": [
              "list",
              [
                "object",
                {
                  "destination_cidr": "string",
                  "destination_prefix_list_id": "string",
                  "egress_only_internet_gateway_id": "string",
                  "gateway_id": "string",
                  "instance_id": "string",
                  "nat_gateway_id": "string",
                  "network_interface_id": "string",
                  "origin": "string",
                  "transit_gateway_id": "string",
                  "vpc_peering_connection_id": "string"
                }
              ]
            ],
            "security_group": [
              "list",
              [
                "object",
                {
                  "arn": "string",
                  "id": "string",
                  "name": "string"
                }
              ]
            ],
            "security_group_rule": [
              "list",
              [
                "object",
                {
                  "cidr": "string",
                  "direction": "string",
                  "port_range": [
                    "list",
                    [
                      "object",
                      {
                        "from": "number",
                        "to": "number"
                      }
                    ]
                  ],
                  "prefix_list_id": "string",
                  "protocol": "string",
                  "security_group_id": "string"
                }
              ]
            ],
            "security_groups": [
              "list",
              [
                "object",
                {
                  "arn": "string",
                  "id": "string",
                  "name": "string"
                }
              ]
            ],
            "source_vpc": [
              "list",
              [
                "object",
                {
                  "arn": "string",
                  "id": "string",
                  "name": "string"
                }
              ]
            ],
            "state": "string",
            "subnet": [
              "list",
              [
                "object",
                {
                  "arn": "string",
                  "id": "string",
                  "name": "string"
                }
              ]
            ],
            "subnet_route_table": [
              "list",
              [
                "object",
                {
                  "arn": "string",
                  "id": "string",
                  "name": "string"
                }
              ]
            ],
            "transit_gateway": [
              "list",
              [
                "object",
                {
                  "arn": "string",
                  "id": "string",
                  "name": "string"
                }
              ]
            ],
            "transit_gateway_attachment": [
              "list",
              [
                "object",
                {
                  "arn": "string",
                  "id": "string",
                  "name": "string"
                }
              ]
            ],
            "transit_gateway_route_table": [
              "list",
              [
                "object",
                {
                  "arn": "string",
                  "id": "string",
                  "name": "string"
                }
              ]
            ],
            "transit_gateway_route_table_route": [
              "list",
              [
                "object",
                {
                  "attachment_id": "string",
                  "destination_cidr": "string",
                  "prefix_list_id": "string",
                  "resource_id": "string",
                  "resource_type": "string",
                  "route_origin": "string",
                  "state": "string"
                }
              ]
            ],
            "vpc": [
              "list",
              [
                "object",
                {
                  "arn": "string",
                  "id": "string",
                  "name": "string"
                }
              ]
            ],
            "vpc_endpoint": [
              "list",
              [
                "object",
                {
                  "arn": "string",
                  "id": "string",
                  "name": "string"
                }
              ]
            ],
            "vpc_peering_connection": [
              "list",
              [
                "object",
                {
                  "arn": "string",
                  "id": "string",
                  "name": "string"
                }
              ]
            ],
            "vpn_connection": [
              "list",
              [
                "object",
                {
                  "arn": "string",
                  "id": "string",
                  "name": "string"
                }
              ]
            ],
            "vpn_gateway": [
              "list",
              [
                "object",
                {
                  "arn": "string",
                  "id": "string",
                  "name": "string"
                }
              ]
            ]
          }
        ]
      ]
    },
    "home_ip": {
      "value": "98.6.6.53",
      "type": "string"
    },
    "key_pair_name": {
      "value": "Windows-duly-beloved-beetle",
      "type": "string"
    },
    "linux_instance_id": {
      "value": "i-084948f72cac2a3bc",
      "type": "string"
    },
    "linux_instance_private_ip": {
      "value": "172.16.13.18",
      "type": "string"
    },
    "random_id_b64_std": {
      "value": "3f3wS1R5kUI=",
      "type": "string"
    },
    "random_id_byte_length": {
      "value": 8,
      "type": "number"
    },
    "random_id_dec": {
      "value": "15996205657820336450",
      "type": "string"
    },
    "random_id_hex": {
      "value": "ddfdf04b54799142",
      "type": "string"
    },
    "random_id_url": {
      "value": "3f3wS1R5kUI",
      "type": "string"
    },
    "random_integer_max": {
      "value": 100,
      "type": "number"
    },
    "random_integer_min": {
      "value": 10,
      "type": "number"
    },
    "random_integer_result": {
      "value": 83,
      "type": "number"
    },
    "random_pet": {
      "value": "duly-beloved-beetle",
      "type": "string"
    },
    "reachable": {
      "value": true,
      "type": "bool"
    },
    "status": {
      "value": "succeeded",
      "type": "string"
    }
  },
  "resources": [
    {
      "mode": "data",
      "type": "http",
      "name": "my_ip",
      "provider": "provider[\"registry.terraform.io/hashicorp/http\"]",
      "instances": [
        {
          "schema_version": 0,
          "attributes": {
            "body": "98.6.6.53\n",
            "ca_cert_pem": null,
            "client_cert_pem": null,
            "client_key_pem": null,
            "id": "https://checkip.amazonaws.com",
            "insecure": null,
            "method": null,
            "request_body": null,
            "request_headers": null,
            "request_timeout_ms": null,
            "response_body": "98.6.6.53\n",
            "response_body_base64": "OTguNi42LjUzCg==",
            "response_headers": {
              "Content-Length": "10",
              "Content-Type": "text/plain;charset=UTF-8",
              "Date": "Mon, 01 Sep 2025 00:22:45 GMT",
              "Server": "nginx",
              "Vary": "Origin, Access-Control-Request-Method, Access-Control-Request-Headers"
            },
            "retry": null,
            "status_code": 200,
            "url": "https://checkip.amazonaws.com"
          },
          "sensitive_attributes": []
        }
      ]
    },
    {
      "mode": "managed",
      "type": "aws_default_route_table",
      "name": "private_rt",
      "provider": "provider[\"registry.terraform.io/hashicorp/aws\"]",
      "instances": [
        {
          "schema_version": 0,
          "attributes": {
            "arn": "arn:aws:ec2:us-east-2:933277666186:route-table/rtb-0b79856bfd811d590",
            "default_route_table_id": "rtb-0b79856bfd811d590",
            "id": "rtb-0b79856bfd811d590",
            "owner_id": "933277666186",
            "propagating_vgws": [],
            "region": "us-east-2",
            "route": [
              {
                "cidr_block": "0.0.0.0/0",
                "core_network_arn": "",
                "destination_prefix_list_id": "",
                "egress_only_gateway_id": "",
                "gateway_id": "",
                "instance_id": "",
                "ipv6_cidr_block": "",
                "nat_gateway_id": "nat-0130982b82ab378bc",
                "network_interface_id": "",
                "transit_gateway_id": "",
                "vpc_endpoint_id": "",
                "vpc_peering_connection_id": ""
              }
            ],
            "tags": {
              "Name": "private-duly-beloved-beetle"
            },
            "tags_all": {
              "Name": "private-duly-beloved-beetle"
            },
            "timeouts": null,
            "vpc_id": "vpc-071498b612f4f0608"
          },
          "sensitive_attributes": [],
          "private": "eyJlMmJmYjczMC1lY2FhLTExZTYtOGY4OC0zNDM2M2JjN2M0YzAiOnsiY3JlYXRlIjoxMjAwMDAwMDAwMDAsInVwZGF0ZSI6MTIwMDAwMDAwMDAwfX0=",
          "dependencies": [
            "aws_eip.nat_eip",
            "aws_nat_gateway.nat_gw",
            "aws_subnet.public_subnet",
            "aws_vpc.vpc-01",
            "random_pet.divya_pet"
          ]
        }
      ]
    },
    {
      "mode": "managed",
      "type": "aws_ec2_network_insights_analysis",
      "name": "home_to_ec2_analysis",
      "provider": "provider[\"registry.terraform.io/hashicorp/aws\"]",
      "instances": [
        {
          "schema_version": 0,
          "attributes": {
            "alternate_path_hints": [],
            "arn": "arn:aws:ec2:us-east-2:933277666186:network-insights-analysis/nia-01f6a3f2158a2ec80",
            "explanations": [],
            "filter_in_arns": null,
            "forward_path_components": [
              {
                "acl_rule": [],
                "additional_details": [],
                "attached_to": [],
                "component": [
                  {
                    "arn": "arn:aws:ec2:us-east-2:933277666186:internet-gateway/igw-0e7c793c7d81ba919",
                    "id": "igw-0e7c793c7d81ba919",
                    "name": "IGW-duly-beloved-beetle"
                  }
                ],
                "destination_vpc": [],
                "inbound_header": [
                  {
                    "destination_addresses": [
                      "18.116.171.88/32"
                    ],
                    "destination_port_ranges": [
                      {
                        "from": 80,
                        "to": 80
                      }
                    ],
                    "protocol": "6",
                    "source_addresses": [
                      "98.6.6.53/32"
                    ],
                    "source_port_ranges": [
                      {
                        "from": 0,
                        "to": 65535
                      }
                    ]
                  }
                ],
                "outbound_header": [
                  {
                    "destination_addresses": [
                      "172.16.7.199/32"
                    ],
                    "destination_port_ranges": [],
                    "protocol": "",
                    "source_addresses": [],
                    "source_port_ranges": []
                  }
                ],
                "route_table_route": [],
                "security_group_rule": [],
                "sequence_number": 1,
                "source_vpc": [],
                "subnet": [],
                "transit_gateway": [],
                "transit_gateway_route_table_route": [],
                "vpc": [
                  {
                    "arn": "arn:aws:ec2:us-east-2:933277666186:vpc/vpc-071498b612f4f0608",
                    "id": "vpc-071498b612f4f0608",
                    "name": "duly-beloved-beetle"
                  }
                ]
              },
              {
                "acl_rule": [
                  {
                    "cidr": "0.0.0.0/0",
                    "egress": false,
                    "port_range": [
                      {
                        "from": 80,
                        "to": 80
                      }
                    ],
                    "protocol": "tcp",
                    "rule_action": "allow",
                    "rule_number": 100
                  }
                ],
                "additional_details": [],
                "attached_to": [],
                "component": [
                  {
                    "arn": "arn:aws:ec2:us-east-2:933277666186:network-acl/acl-00ab3e97bfc58cff0",
                    "id": "acl-00ab3e97bfc58cff0",
                    "name": "NACL-duly-beloved-beetle"
                  }
                ],
                "destination_vpc": [],
                "inbound_header": [],
                "outbound_header": [],
                "route_table_route": [],
                "security_group_rule": [],
                "sequence_number": 2,
                "source_vpc": [],
                "subnet": [],
                "transit_gateway": [],
                "transit_gateway_route_table_route": [],
                "vpc": []
              },
              {
                "acl_rule": [],
                "additional_details": [],
                "attached_to": [],
                "component": [
                  {
                    "arn": "arn:aws:ec2:us-east-2:933277666186:security-group/sg-0fd0dd3b1c126ed06",
                    "id": "sg-0fd0dd3b1c126ed06",
                    "name": "Windows-duly-beloved-beetle-SG"
                  }
                ],
                "destination_vpc": [],
                "inbound_header": [],
                "outbound_header": [],
                "route_table_route": [],
                "security_group_rule": [
                  {
                    "cidr": "0.0.0.0/0",
                    "direction": "",
                    "port_range": [
                      {
                        "from": 80,
                        "to": 80
                      }
                    ],
                    "prefix_list_id": "",
                    "protocol": "tcp",
                    "security_group_id": ""
                  }
                ],
                "sequence_number": 3,
                "source_vpc": [],
                "subnet": [],
                "transit_gateway": [],
                "transit_gateway_route_table_route": [],
                "vpc": []
              },
              {
                "acl_rule": [],
                "additional_details": [],
                "attached_to": [],
                "component": [
                  {
                    "arn": "arn:aws:ec2:us-east-2:933277666186:network-interface/eni-0213aa5eb7e37183c",
                    "id": "eni-0213aa5eb7e37183c",
                    "name": ""
                  }
                ],
                "destination_vpc": [],
                "inbound_header": [],
                "outbound_header": [],
                "route_table_route": [],
                "security_group_rule": [],
                "sequence_number": 4,
                "source_vpc": [],
                "subnet": [
                  {
                    "arn": "arn:aws:ec2:us-east-2:933277666186:subnet/subnet-06dcadce443ebc0cd",
                    "id": "subnet-06dcadce443ebc0cd",
                    "name": "public-duly-beloved-beetle"
                  }
                ],
                "transit_gateway": [],
                "transit_gateway_route_table_route": [],
                "vpc": [
                  {
                    "arn": "arn:aws:ec2:us-east-2:933277666186:vpc/vpc-071498b612f4f0608",
                    "id": "vpc-071498b612f4f0608",
                    "name": "duly-beloved-beetle"
                  }
                ]
              },
              {
                "acl_rule": [],
                "additional_details": [],
                "attached_to": [],
                "component": [
                  {
                    "arn": "arn:aws:ec2:us-east-2:933277666186:instance/i-0087a715b81c3059e",
                    "id": "i-0087a715b81c3059e",
                    "name": "duly-beloved-beetle"
                  }
                ],
                "destination_vpc": [],
                "inbound_header": [
                  {
                    "destination_addresses": [
                      "172.16.7.199/32"
                    ],
                    "destination_port_ranges": [
                      {
                        "from": 80,
                        "to": 80
                      }
                    ],
                    "protocol": "6",
                    "source_addresses": [
                      "98.6.6.53/32"
                    ],
                    "source_port_ranges": [
                      {
                        "from": 0,
                        "to": 65535
                      }
                    ]
                  }
                ],
                "outbound_header": [],
                "route_table_route": [],
                "security_group_rule": [],
                "sequence_number": 5,
                "source_vpc": [],
                "subnet": [],
                "transit_gateway": [],
                "transit_gateway_route_table_route": [],
                "vpc": []
              }
            ],
            "id": "nia-01f6a3f2158a2ec80",
            "network_insights_path_id": "nip-01f32b7c7da0b4f26",
            "path_found": true,
            "region": "us-east-2",
            "return_path_components": [
              {
                "acl_rule": [],
                "additional_details": [],
                "attached_to": [],
                "component": [
                  {
                    "arn": "arn:aws:ec2:us-east-2:933277666186:instance/i-0087a715b81c3059e",
                    "id": "i-0087a715b81c3059e",
                    "name": "duly-beloved-beetle"
                  }
                ],
                "destination_vpc": [],
                "inbound_header": [],
                "outbound_header": [
                  {
                    "destination_addresses": [
                      "98.6.6.53/32"
                    ],
                    "destination_port_ranges": [
                      {
                        "from": 0,
                        "to": 65535
                      }
                    ],
                    "protocol": "6",
                    "source_addresses": [
                      "172.16.7.199/32"
                    ],
                    "source_port_ranges": [
                      {
                        "from": 80,
                        "to": 80
                      }
                    ]
                  }
                ],
                "route_table_route": [],
                "security_group_rule": [],
                "sequence_number": 1,
                "source_vpc": [],
                "subnet": [],
                "transit_gateway": [],
                "transit_gateway_route_table_route": [],
                "vpc": []
              },
              {
                "acl_rule": [],
                "additional_details": [],
                "attached_to": [],
                "component": [
                  {
                    "arn": "arn:aws:ec2:us-east-2:933277666186:network-interface/eni-0213aa5eb7e37183c",
                    "id": "eni-0213aa5eb7e37183c",
                    "name": ""
                  }
                ],
                "destination_vpc": [],
                "inbound_header": [],
                "outbound_header": [],
                "route_table_route": [],
                "security_group_rule": [],
                "sequence_number": 2,
                "source_vpc": [],
                "subnet": [
                  {
                    "arn": "arn:aws:ec2:us-east-2:933277666186:subnet/subnet-06dcadce443ebc0cd",
                    "id": "subnet-06dcadce443ebc0cd",
                    "name": "public-duly-beloved-beetle"
                  }
                ],
                "transit_gateway": [],
                "transit_gateway_route_table_route": [],
                "vpc": [
                  {
                    "arn": "arn:aws:ec2:us-east-2:933277666186:vpc/vpc-071498b612f4f0608",
                    "id": "vpc-071498b612f4f0608",
                    "name": "duly-beloved-beetle"
                  }
                ]
              },
              {
                "acl_rule": [],
                "additional_details": [],
                "attached_to": [],
                "component": [
                  {
                    "arn": "arn:aws:ec2:us-east-2:933277666186:security-group/sg-0fd0dd3b1c126ed06",
                    "id": "sg-0fd0dd3b1c126ed06",
                    "name": "Windows-duly-beloved-beetle-SG"
                  }
                ],
                "destination_vpc": [],
                "inbound_header": [],
                "outbound_header": [],
                "route_table_route": [],
                "security_group_rule": [],
                "sequence_number": 3,
                "source_vpc": [],
                "subnet": [],
                "transit_gateway": [],
                "transit_gateway_route_table_route": [],
                "vpc": []
              },
              {
                "acl_rule": [
                  {
                    "cidr": "0.0.0.0/0",
                    "egress": true,
                    "port_range": [],
                    "protocol": "all",
                    "rule_action": "allow",
                    "rule_number": 500
                  }
                ],
                "additional_details": [],
                "attached_to": [],
                "component": [
                  {
                    "arn": "arn:aws:ec2:us-east-2:933277666186:network-acl/acl-00ab3e97bfc58cff0",
                    "id": "acl-00ab3e97bfc58cff0",
                    "name": "NACL-duly-beloved-beetle"
                  }
                ],
                "destination_vpc": [],
                "inbound_header": [],
                "outbound_header": [],
                "route_table_route": [],
                "security_group_rule": [],
                "sequence_number": 4,
                "source_vpc": [],
                "subnet": [],
                "transit_gateway": [],
                "transit_gateway_route_table_route": [],
                "vpc": []
              },
              {
                "acl_rule": [],
                "additional_details": [],
                "attached_to": [],
                "component": [
                  {
                    "arn": "arn:aws:ec2:us-east-2:933277666186:route-table/rtb-028a9b72a5f39a02a",
                    "id": "rtb-028a9b72a5f39a02a",
                    "name": "public-duly-beloved-beetle"
                  }
                ],
                "destination_vpc": [],
                "inbound_header": [],
                "outbound_header": [],
                "route_table_route": [
                  {
                    "destination_cidr": "0.0.0.0/0",
                    "destination_prefix_list_id": "",
                    "egress_only_internet_gateway_id": "",
                    "gateway_id": "igw-0e7c793c7d81ba919",
                    "instance_id": "",
                    "nat_gateway_id": "",
                    "network_interface_id": "",
                    "origin": "createroute",
                    "transit_gateway_id": "",
                    "vpc_peering_connection_id": ""
                  }
                ],
                "security_group_rule": [],
                "sequence_number": 5,
                "source_vpc": [],
                "subnet": [],
                "transit_gateway": [],
                "transit_gateway_route_table_route": [],
                "vpc": []
              },
              {
                "acl_rule": [],
                "additional_details": [],
                "attached_to": [],
                "component": [
                  {
                    "arn": "arn:aws:ec2:us-east-2:933277666186:internet-gateway/igw-0e7c793c7d81ba919",
                    "id": "igw-0e7c793c7d81ba919",
                    "name": "IGW-duly-beloved-beetle"
                  }
                ],
                "destination_vpc": [],
                "inbound_header": [],
                "outbound_header": [
                  {
                    "destination_addresses": [
                      "98.6.6.53/32"
                    ],
                    "destination_port_ranges": [
                      {
                        "from": 0,
                        "to": 65535
                      }
                    ],
                    "protocol": "6",
                    "source_addresses": [
                      "18.116.171.88/32"
                    ],
                    "source_port_ranges": [
                      {
                        "from": 80,
                        "to": 80
                      }
                    ]
                  }
                ],
                "route_table_route": [],
                "security_group_rule": [],
                "sequence_number": 6,
                "source_vpc": [],
                "subnet": [],
                "transit_gateway": [],
                "transit_gateway_route_table_route": [],
                "vpc": [
                  {
                    "arn": "arn:aws:ec2:us-east-2:933277666186:vpc/vpc-071498b612f4f0608",
                    "id": "vpc-071498b612f4f0608",
                    "name": "duly-beloved-beetle"
                  }
                ]
              }
            ],
            "start_date": "2025-09-01T00:25:56Z",
            "status": "succeeded",
            "status_message": "",
            "tags": null,
            "tags_all": {},
            "wait_for_completion": true,
            "warning_message": ""
          },
          "sensitive_attributes": [],
          "private": "bnVsbA==",
          "dependencies": [
            "aws_ec2_network_insights_path.home_to_ec2",
            "aws_instance.windows-Instance",
            "aws_internet_gateway.igw",
            "aws_key_pair.Divya_key",
            "aws_security_group.Windows_SG",
            "aws_subnet.public_subnet",
            "data.http.my_ip",
            "random_pet.divya_pet",
            "tls_private_key.divya_private_key"
          ]
        }
      ]
    },
    {
      "mode": "managed",
      "type": "aws_ec2_network_insights_path",
      "name": "home_to_ec2",
      "provider": "provider[\"registry.terraform.io/hashicorp/aws\"]",
      "instances": [
        {
          "schema_version": 0,
          "attributes": {
            "arn": "arn:aws:ec2:us-east-2:933277666186:network-insights-path/nip-01f32b7c7da0b4f26",
            "destination": "i-0087a715b81c3059e",
            "destination_arn": "arn:aws:ec2:us-east-2:933277666186:instance/i-0087a715b81c3059e",
            "destination_ip": "",
            "destination_port": 80,
            "filter_at_destination": null,
            "filter_at_source": [
              {
                "destination_address": "",
                "destination_port_range": [
                  {
                    "from_port": 80,
                    "to_port": 80
                  }
                ],
                "source_address": "98.6.6.53",
                "source_port_range": []
              }
            ],
            "id": "nip-01f32b7c7da0b4f26",
            "protocol": "tcp",
            "region": "us-east-2",
            "source": "igw-0e7c793c7d81ba919",
            "source_arn": "arn:aws:ec2:us-east-2:933277666186:internet-gateway/igw-0e7c793c7d81ba919",
            "source_ip": "98.6.6.53",
            "tags": {
              "Name": "home_to_ec2-duly-beloved-beetle"
            },
            "tags_all": {
              "Name": "home_to_ec2-duly-beloved-beetle"
            }
          },
          "sensitive_attributes": [],
          "private": "bnVsbA==",
          "dependencies": [
            "aws_instance.windows-Instance",
            "aws_internet_gateway.igw",
            "aws_key_pair.Divya_key",
            "aws_security_group.Windows_SG",
            "aws_subnet.public_subnet",
            "data.http.my_ip",
            "random_pet.divya_pet",
            "tls_private_key.divya_private_key"
          ]
        }
      ]
    },
    {
      "mode": "managed",
      "type": "aws_eip",
      "name": "Windows_eip",
      "provider": "provider[\"registry.terraform.io/hashicorp/aws\"]",
      "instances": [
        {
          "schema_version": 0,
          "attributes": {
            "address": null,
            "allocation_id": "eipalloc-0ddbff08d35725c15",
            "arn": "arn:aws:ec2:us-east-2:933277666186:elastic-ip/eipalloc-0ddbff08d35725c15",
            "associate_with_private_ip": null,
            "association_id": "eipassoc-03b73d7282efc9981",
            "carrier_ip": "",
            "customer_owned_ip": "",
            "customer_owned_ipv4_pool": "",
            "domain": "vpc",
            "id": "eipalloc-0ddbff08d35725c15",
            "instance": "i-00b4e75db29965a5c",
            "ipam_pool_id": null,
            "network_border_group": "us-east-2",
            "network_interface": "eni-0009fa616361114d0",
            "private_dns": "ip-172-16-4-166.us-east-2.compute.internal",
            "private_ip": "172.16.4.166",
            "ptr_record": "",
            "public_dns": "ec2-18-116-171-88.us-east-2.compute.amazonaws.com",
            "public_ip": "18.116.171.88",
            "public_ipv4_pool": "amazon",
            "region": "us-east-2",
            "tags": {
              "Name": "duly-beloved-beetle"
            },
            "tags_all": {
              "Name": "duly-beloved-beetle"
            },
            "timeouts": null
          },
          "sensitive_attributes": [],
          "private": "eyJlMmJmYjczMC1lY2FhLTExZTYtOGY4OC0zNDM2M2JjN2M0YzAiOnsiZGVsZXRlIjoxODAwMDAwMDAwMDAsInJlYWQiOjkwMDAwMDAwMDAwMCwidXBkYXRlIjozMDAwMDAwMDAwMDB9fQ==",
          "dependencies": [
            "random_pet.divya_pet"
          ]
        }
      ]
    },
    {
      "mode": "managed",
      "type": "aws_eip",
      "name": "nat_eip",
      "provider": "provider[\"registry.terraform.io/hashicorp/aws\"]",
      "instances": [
        {
          "schema_version": 0,
          "attributes": {
            "address": null,
            "allocation_id": "eipalloc-0ebf908330bf26d72",
            "arn": "arn:aws:ec2:us-east-2:933277666186:elastic-ip/eipalloc-0ebf908330bf26d72",
            "associate_with_private_ip": null,
            "association_id": "eipassoc-04a97473559a4e121",
            "carrier_ip": "",
            "customer_owned_ip": "",
            "customer_owned_ipv4_pool": "",
            "domain": "vpc",
            "id": "eipalloc-0ebf908330bf26d72",
            "instance": "",
            "ipam_pool_id": null,
            "network_border_group": "us-east-2",
            "network_interface": "eni-07728aedfc70cb7f0",
            "private_dns": "ip-172-16-7-155.us-east-2.compute.internal",
            "private_ip": "172.16.7.155",
            "ptr_record": "",
            "public_dns": "ec2-3-20-178-234.us-east-2.compute.amazonaws.com",
            "public_ip": "3.20.178.234",
            "public_ipv4_pool": "amazon",
            "region": "us-east-2",
            "tags": {
              "Name": "duly-beloved-beetle"
            },
            "tags_all": {
              "Name": "duly-beloved-beetle"
            },
            "timeouts": null
          },
          "sensitive_attributes": [],
          "private": "eyJlMmJmYjczMC1lY2FhLTExZTYtOGY4OC0zNDM2M2JjN2M0YzAiOnsiZGVsZXRlIjoxODAwMDAwMDAwMDAsInJlYWQiOjkwMDAwMDAwMDAwMCwidXBkYXRlIjozMDAwMDAwMDAwMDB9fQ==",
          "dependencies": [
            "random_pet.divya_pet"
          ]
        }
      ]
    },
    {
      "mode": "managed",
      "type": "aws_eip_association",
      "name": "windows_eip_assoc",
      "provider": "provider[\"registry.terraform.io/hashicorp/aws\"]",
      "instances": [
        {
          "schema_version": 0,
          "attributes": {
            "allocation_id": "eipalloc-0ddbff08d35725c15",
            "allow_reassociation": null,
            "id": "eipassoc-0162b68f2461ac545",
            "instance_id": "i-0087a715b81c3059e",
            "network_interface_id": "eni-0213aa5eb7e37183c",
            "private_ip_address": "172.16.7.199",
            "public_ip": "18.116.171.88",
            "region": "us-east-2"
          },
          "sensitive_attributes": [],
          "private": "bnVsbA==",
          "dependencies": [
            "aws_eip.Windows_eip",
            "aws_instance.windows-Instance",
            "aws_key_pair.Divya_key",
            "aws_security_group.Windows_SG",
            "aws_subnet.public_subnet",
            "random_pet.divya_pet",
            "tls_private_key.divya_private_key"
          ]
        }
      ]
    },
    {
      "mode": "managed",
      "type": "aws_instance",
      "name": "linux_instance",
      "provider": "provider[\"registry.terraform.io/hashicorp/aws\"]",
      "instances": [
        {
          "schema_version": 2,
          "attributes": {
            "ami": "ami-0bb7d855677353076",
            "arn": "arn:aws:ec2:us-east-2:933277666186:instance/i-084948f72cac2a3bc",
            "associate_public_ip_address": false,
            "availability_zone": "us-east-2b",
            "capacity_reservation_specification": [
              {
                "capacity_reservation_preference": "open",
                "capacity_reservation_target": []
              }
            ],
            "cpu_options": [
              {
                "amd_sev_snp": "",
                "core_count": 1,
                "threads_per_core": 2
              }
            ],
            "credit_specification": [
              {
                "cpu_credits": "unlimited"
              }
            ],
            "disable_api_stop": false,
            "disable_api_termination": false,
            "ebs_block_device": [
              {
                "delete_on_termination": true,
                "device_name": "/dev/xvda",
                "encrypted": false,
                "iops": 3000,
                "kms_key_id": "",
                "snapshot_id": "",
                "tags": {},
                "tags_all": {},
                "throughput": 125,
                "volume_id": "vol-02a7a3af67f688182",
                "volume_size": 30,
                "volume_type": "gp3"
              }
            ],
            "ebs_optimized": false,
            "enable_primary_ipv6": null,
            "enclave_options": [
              {
                "enabled": false
              }
            ],
            "ephemeral_block_device": [],
            "force_destroy": false,
            "get_password_data": false,
            "hibernation": false,
            "host_id": "",
            "host_resource_group_arn": null,
            "iam_instance_profile": "",
            "id": "i-084948f72cac2a3bc",
            "instance_initiated_shutdown_behavior": "stop",
            "instance_lifecycle": "",
            "instance_market_options": [],
            "instance_state": "running",
            "instance_type": "t3.micro",
            "ipv6_address_count": 0,
            "ipv6_addresses": [],
            "key_name": "Windows-duly-beloved-beetle",
            "launch_template": [],
            "maintenance_options": [
              {
                "auto_recovery": "default"
              }
            ],
            "metadata_options": [
              {
                "http_endpoint": "enabled",
                "http_protocol_ipv6": "disabled",
                "http_put_response_hop_limit": 1,
                "http_tokens": "optional",
                "instance_metadata_tags": "disabled"
              }
            ],
            "monitoring": false,
            "network_interface": [],
            "outpost_arn": "",
            "password_data": "",
            "placement_group": "",
            "placement_partition_number": 0,
            "primary_network_interface": [
              {
                "delete_on_termination": true,
                "network_interface_id": "eni-0ad5249dfe8a7c3a5"
              }
            ],
            "primary_network_interface_id": "eni-0ad5249dfe8a7c3a5",
            "private_dns": "ip-172-16-13-18.us-east-2.compute.internal",
            "private_dns_name_options": [
              {
                "enable_resource_name_dns_a_record": false,
                "enable_resource_name_dns_aaaa_record": false,
                "hostname_type": "ip-name"
              }
            ],
            "private_ip": "172.16.13.18",
            "public_dns": "",
            "public_ip": "",
            "region": "us-east-2",
            "root_block_device": [
              {
                "delete_on_termination": true,
                "device_name": "/dev/xvda",
                "encrypted": false,
                "iops": 3000,
                "kms_key_id": "",
                "tags": {},
                "tags_all": {},
                "throughput": 125,
                "volume_id": "vol-02a7a3af67f688182",
                "volume_size": 30,
                "volume_type": "gp3"
              }
            ],
            "secondary_private_ips": [],
            "security_groups": [],
            "source_dest_check": true,
            "spot_instance_request_id": "",
            "subnet_id": "subnet-05ee925fbb9f70d75",
            "tags": {
              "Name": "duly-beloved-beetle"
            },
            "tags_all": {
              "Name": "duly-beloved-beetle"
            },
            "tenancy": "default",
            "timeouts": null,
            "user_data": null,
            "user_data_base64": null,
            "user_data_replace_on_change": false,
            "volume_tags": null,
            "vpc_security_group_ids": [
              "sg-0f5ec9cc0612e4007"
            ]
          },
          "sensitive_attributes": [],
          "private": "eyJlMmJmYjczMC1lY2FhLTExZTYtOGY4OC0zNDM2M2JjN2M0YzAiOnsiY3JlYXRlIjo2MDAwMDAwMDAwMDAsImRlbGV0ZSI6MTIwMDAwMDAwMDAwMCwicmVhZCI6OTAwMDAwMDAwMDAwLCJ1cGRhdGUiOjYwMDAwMDAwMDAwMH0sInNjaGVtYV92ZXJzaW9uIjoiMiJ9",
          "dependencies": [
            "aws_instance.windows-Instance",
            "aws_key_pair.Divya_key",
            "aws_security_group.Linux_SG",
            "aws_security_group.Windows_SG",
            "aws_subnet.private_subnet",
            "aws_subnet.public_subnet",
            "aws_vpc.vpc-01",
            "random_pet.divya_pet",
            "tls_private_key.divya_private_key"
          ]
        }
      ]
    },
    {
      "mode": "managed",
      "type": "aws_instance",
      "name": "windows-Instance",
      "provider": "provider[\"registry.terraform.io/hashicorp/aws\"]",
      "instances": [
        {
          "schema_version": 2,
          "attributes": {
            "ami": "ami-05b00365623a86bd3",
            "arn": "arn:aws:ec2:us-east-2:933277666186:instance/i-0087a715b81c3059e",
            "associate_public_ip_address": false,
            "availability_zone": "us-east-2a",
            "capacity_reservation_specification": [
              {
                "capacity_reservation_preference": "open",
                "capacity_reservation_target": []
              }
            ],
            "cpu_options": [
              {
                "amd_sev_snp": "",
                "core_count": 1,
                "threads_per_core": 2
              }
            ],
            "credit_specification": [
              {
                "cpu_credits": "unlimited"
              }
            ],
            "disable_api_stop": false,
            "disable_api_termination": false,
            "ebs_block_device": [
              {
                "delete_on_termination": true,
                "device_name": "/dev/sda1",
                "encrypted": false,
                "iops": 3000,
                "kms_key_id": "",
                "snapshot_id": "",
                "tags": {},
                "tags_all": {},
                "throughput": 125,
                "volume_id": "vol-0224291bd71e1ec49",
                "volume_size": 30,
                "volume_type": "gp3"
              }
            ],
            "ebs_optimized": false,
            "enable_primary_ipv6": null,
            "enclave_options": [
              {
                "enabled": false
              }
            ],
            "ephemeral_block_device": [],
            "force_destroy": false,
            "get_password_data": true,
            "hibernation": false,
            "host_id": "",
            "host_resource_group_arn": null,
            "iam_instance_profile": "",
            "id": "i-0087a715b81c3059e",
            "instance_initiated_shutdown_behavior": "stop",
            "instance_lifecycle": "",
            "instance_market_options": [],
            "instance_state": "running",
            "instance_type": "t3.micro",
            "ipv6_address_count": 0,
            "ipv6_addresses": [],
            "key_name": "Windows-duly-beloved-beetle",
            "launch_template": [],
            "maintenance_options": [
              {
                "auto_recovery": "default"
              }
            ],
            "metadata_options": [
              {
                "http_endpoint": "enabled",
                "http_protocol_ipv6": "disabled",
                "http_put_response_hop_limit": 2,
                "http_tokens": "required",
                "instance_metadata_tags": "disabled"
              }
            ],
            "monitoring": false,
            "network_interface": [],
            "outpost_arn": "",
            "password_data": "haiQxHROZG5pfvAIaELyjWKrozX2q25ygIdSJeS4C+qbL32pzejPtH2VX3zrl+ri4tWRe3fVi7zhi7E/enr4WtdyooGXhT3n/8AaigilKzOOA+2w7yvFp4FIHb6p6HSUW9V2CxPry+ruJYZoYpyt+5LC6joSCfmZggyCBWKt4TOBV6y9CD3otGpoga0+FBBwSdxMsbJEoBBqtE19rzHVA4SotPEIVGtd/uUem2puqpkQBmuE9BYS0F0oKvl66dytnse0Qu2Okhu/K9sMr+cbAJ6iWYVT2Uw0dWXb2n/QB3YmN4Eg9YP+9gdOqXQepXlcdl3N+hotVnsnYjroqTgukw==",
            "placement_group": "",
            "placement_partition_number": 0,
            "primary_network_interface": [
              {
                "delete_on_termination": true,
                "network_interface_id": "eni-0213aa5eb7e37183c"
              }
            ],
            "primary_network_interface_id": "eni-0213aa5eb7e37183c",
            "private_dns": "ip-172-16-7-199.us-east-2.compute.internal",
            "private_dns_name_options": [
              {
                "enable_resource_name_dns_a_record": false,
                "enable_resource_name_dns_aaaa_record": false,
                "hostname_type": "ip-name"
              }
            ],
            "private_ip": "172.16.7.199",
            "public_dns": "",
            "public_ip": "",
            "region": "us-east-2",
            "root_block_device": [
              {
                "delete_on_termination": true,
                "device_name": "/dev/sda1",
                "encrypted": false,
                "iops": 3000,
                "kms_key_id": "",
                "tags": {},
                "tags_all": {},
                "throughput": 125,
                "volume_id": "vol-0224291bd71e1ec49",
                "volume_size": 30,
                "volume_type": "gp3"
              }
            ],
            "secondary_private_ips": [],
            "security_groups": [],
            "source_dest_check": true,
            "spot_instance_request_id": "",
            "subnet_id": "subnet-06dcadce443ebc0cd",
            "tags": {
              "Name": "duly-beloved-beetle"
            },
            "tags_all": {
              "Name": "duly-beloved-beetle"
            },
            "tenancy": "default",
            "timeouts": null,
            "user_data": null,
            "user_data_base64": null,
            "user_data_replace_on_change": false,
            "volume_tags": null,
            "vpc_security_group_ids": [
              "sg-0fd0dd3b1c126ed06"
            ]
          },
          "sensitive_attributes": [],
          "private": "eyJlMmJmYjczMC1lY2FhLTExZTYtOGY4OC0zNDM2M2JjN2M0YzAiOnsiY3JlYXRlIjo2MDAwMDAwMDAwMDAsImRlbGV0ZSI6MTIwMDAwMDAwMDAwMCwicmVhZCI6OTAwMDAwMDAwMDAwLCJ1cGRhdGUiOjYwMDAwMDAwMDAwMH0sInNjaGVtYV92ZXJzaW9uIjoiMiJ9",
          "dependencies": [
            "aws_key_pair.Divya_key",
            "aws_security_group.Windows_SG",
            "aws_subnet.public_subnet",
            "random_pet.divya_pet",
            "tls_private_key.divya_private_key"
          ]
        }
      ]
    },
    {
      "mode": "managed",
      "type": "aws_internet_gateway",
      "name": "igw",
      "provider": "provider[\"registry.terraform.io/hashicorp/aws\"]",
      "instances": [
        {
          "schema_version": 0,
          "attributes": {
            "arn": "arn:aws:ec2:us-east-2:933277666186:internet-gateway/igw-0e7c793c7d81ba919",
            "id": "igw-0e7c793c7d81ba919",
            "owner_id": "933277666186",
            "region": "us-east-2",
            "tags": {
              "Name": "IGW-duly-beloved-beetle"
            },
            "tags_all": {
              "Name": "IGW-duly-beloved-beetle"
            },
            "timeouts": null,
            "vpc_id": "vpc-071498b612f4f0608"
          },
          "sensitive_attributes": [],
          "private": "eyJlMmJmYjczMC1lY2FhLTExZTYtOGY4OC0zNDM2M2JjN2M0YzAiOnsiY3JlYXRlIjoxMjAwMDAwMDAwMDAwLCJkZWxldGUiOjEyMDAwMDAwMDAwMDAsInVwZGF0ZSI6MTIwMDAwMDAwMDAwMH19",
          "dependencies": [
            "aws_vpc.vpc-01",
            "random_pet.divya_pet"
          ]
        }
      ]
    },
    {
      "mode": "managed",
      "type": "aws_key_pair",
      "name": "Divya_key",
      "provider": "provider[\"registry.terraform.io/hashicorp/aws\"]",
      "instances": [
        {
          "schema_version": 1,
          "attributes": {
            "arn": "arn:aws:ec2:us-east-2:933277666186:key-pair/Windows-duly-beloved-beetle",
            "fingerprint": "0e:79:9f:4d:a5:40:d7:c2:19:cc:72:a0:80:69:58:c1",
            "id": "Windows-duly-beloved-beetle",
            "key_name": "Windows-duly-beloved-beetle",
            "key_name_prefix": "",
            "key_pair_id": "key-0ea3f241d71326cc0",
            "key_type": "rsa",
            "public_key": "ssh-rsa AAAAB3NzaC1yc2EAAAADAQABAAABAQDCVICTwAIQOF8VldMwywiwAKf0WpYh9UROVlVEP/1MnGvz6zC//eFiD7uLMnOWOxBxlbmjS+a9cxoxXI368kaXAGpVGeSjDjoZlX+ZZu9Dbeywfx3tNwDIEZQQ+uHHrtKC7vEYhOMPU4bSyTrHpgsLt6lSsSJZbbsPe4dKpA8S7Ie4I5BeJh7PvLa5FLQroAJHeZrE1hg+i80LKq2G++AexnbkCgbNOa2CJpn3y/DX9xJ6Y7OUShwIUjup92wTGgV5Bvs6/5x1q7TzbyujGneVCfWTBvQDfcyRYQyON2hohSR/FxcfJVjmQzXL0v1sVPnL1ekblYAbbD7s3Fu2cRjr",
            "region": "us-east-2",
            "tags": null,
            "tags_all": {}
          },
          "sensitive_attributes": [],
          "private": "eyJzY2hlbWFfdmVyc2lvbiI6IjEifQ==",
          "dependencies": [
            "random_pet.divya_pet",
            "tls_private_key.divya_private_key"
          ]
        }
      ]
    },
    {
      "mode": "managed",
      "type": "aws_nat_gateway",
      "name": "nat_gw",
      "provider": "provider[\"registry.terraform.io/hashicorp/aws\"]",
      "instances": [
        {
          "schema_version": 0,
          "attributes": {
            "allocation_id": "eipalloc-0ebf908330bf26d72",
            "association_id": "eipassoc-04a97473559a4e121",
            "connectivity_type": "public",
            "id": "nat-0130982b82ab378bc",
            "network_interface_id": "eni-07728aedfc70cb7f0",
            "private_ip": "172.16.7.155",
            "public_ip": "3.20.178.234",
            "region": "us-east-2",
            "secondary_allocation_ids": [],
            "secondary_private_ip_address_count": 0,
            "secondary_private_ip_addresses": [],
            "subnet_id": "subnet-06dcadce443ebc0cd",
            "tags": {
              "Name": "NAT-duly-beloved-beetle"
            },
            "tags_all": {
              "Name": "NAT-duly-beloved-beetle"
            },
            "timeouts": null
          },
          "sensitive_attributes": [],
          "private": "eyJlMmJmYjczMC1lY2FhLTExZTYtOGY4OC0zNDM2M2JjN2M0YzAiOnsiY3JlYXRlIjo2MDAwMDAwMDAwMDAsImRlbGV0ZSI6MTgwMDAwMDAwMDAwMCwidXBkYXRlIjo2MDAwMDAwMDAwMDB9fQ==",
          "dependencies": [
            "aws_eip.nat_eip",
            "aws_subnet.public_subnet",
            "aws_vpc.vpc-01",
            "random_pet.divya_pet"
          ]
        }
      ]
    },
    {
      "mode": "managed",
      "type": "aws_network_acl",
      "name": "nacl_private",
      "provider": "provider[\"registry.terraform.io/hashicorp/aws\"]",
      "instances": [
        {
          "schema_version": 0,
          "attributes": {
            "arn": "arn:aws:ec2:us-east-2:933277666186:network-acl/acl-041569fc399381500",
            "egress": [
              {
                "action": "allow",
                "cidr_block": "0.0.0.0/0",
                "from_port": 0,
                "icmp_code": 0,
                "icmp_type": 0,
                "ipv6_cidr_block": "",
                "protocol": "-1",
                "rule_no": 500,
                "to_port": 0
              }
            ],
            "id": "acl-041569fc399381500",
            "ingress": [
              {
                "action": "allow",
                "cidr_block": "0.0.0.0/0",
                "from_port": 1024,
                "icmp_code": 0,
                "icmp_type": 0,
                "ipv6_cidr_block": "",
                "protocol": "6",
                "rule_no": 120,
                "to_port": 65535
              },
              {
                "action": "allow",
                "cidr_block": "172.16.4.166/32",
                "from_port": 22,
                "icmp_code": 0,
                "icmp_type": 0,
                "ipv6_cidr_block": "",
                "protocol": "6",
                "rule_no": 110,
                "to_port": 22
              },
              {
                "action": "allow",
                "cidr_block": "172.16.4.166/32",
                "from_port": 3306,
                "icmp_code": 0,
                "icmp_type": 0,
                "ipv6_cidr_block": "",
                "protocol": "6",
                "rule_no": 100,
                "to_port": 3306
              }
            ],
            "owner_id": "933277666186",
            "region": "us-east-2",
            "subnet_ids": [
              "subnet-05ee925fbb9f70d75"
            ],
            "tags": {
              "Name": "NACL-Private-duly-beloved-beetle"
            },
            "tags_all": {
              "Name": "NACL-Private-duly-beloved-beetle"
            },
            "vpc_id": "vpc-071498b612f4f0608"
          },
          "sensitive_attributes": [],
          "private": "bnVsbA==",
          "dependencies": [
            "aws_subnet.private_subnet",
            "aws_vpc.vpc-01",
            "random_pet.divya_pet"
          ]
        }
      ]
    },
    {
      "mode": "managed",
      "type": "aws_network_acl",
      "name": "nacl_public",
      "provider": "provider[\"registry.terraform.io/hashicorp/aws\"]",
      "instances": [
        {
          "schema_version": 0,
          "attributes": {
            "arn": "arn:aws:ec2:us-east-2:933277666186:network-acl/acl-00ab3e97bfc58cff0",
            "egress": [
              {
                "action": "allow",
                "cidr_block": "0.0.0.0/0",
                "from_port": 0,
                "icmp_code": 0,
                "icmp_type": 0,
                "ipv6_cidr_block": "",
                "protocol": "-1",
                "rule_no": 500,
                "to_port": 0
              }
            ],
            "id": "acl-00ab3e97bfc58cff0",
            "ingress": [
              {
                "action": "allow",
                "cidr_block": "0.0.0.0/0",
                "from_port": 1024,
                "icmp_code": 0,
                "icmp_type": 0,
                "ipv6_cidr_block": "",
                "protocol": "6",
                "rule_no": 130,
                "to_port": 65535
              },
              {
                "action": "allow",
                "cidr_block": "0.0.0.0/0",
                "from_port": 443,
                "icmp_code": 0,
                "icmp_type": 0,
                "ipv6_cidr_block": "",
                "protocol": "6",
                "rule_no": 110,
                "to_port": 443
              },
              {
                "action": "allow",
                "cidr_block": "0.0.0.0/0",
                "from_port": 80,
                "icmp_code": 0,
                "icmp_type": 0,
                "ipv6_cidr_block": "",
                "protocol": "6",
                "rule_no": 100,
                "to_port": 80
              },
              {
                "action": "allow",
                "cidr_block": "98.6.6.53/32",
                "from_port": 3389,
                "icmp_code": 0,
                "icmp_type": 0,
                "ipv6_cidr_block": "",
                "protocol": "6",
                "rule_no": 120,
                "to_port": 3389
              }
            ],
            "owner_id": "933277666186",
            "region": "us-east-2",
            "subnet_ids": [
              "subnet-06dcadce443ebc0cd"
            ],
            "tags": {
              "Name": "NACL-duly-beloved-beetle"
            },
            "tags_all": {
              "Name": "NACL-duly-beloved-beetle"
            },
            "vpc_id": "vpc-071498b612f4f0608"
          },
          "sensitive_attributes": [],
          "private": "bnVsbA==",
          "dependencies": [
            "aws_subnet.public_subnet",
            "aws_vpc.vpc-01",
            "random_pet.divya_pet"
          ]
        }
      ]
    },
    {
      "mode": "managed",
      "type": "aws_network_acl_rule",
      "name": "nacl_private_inbound_dynamic",
      "provider": "provider[\"registry.terraform.io/hashicorp/aws\"]",
      "instances": [
        {
          "schema_version": 0,
          "attributes": {
            "cidr_block": "0.0.0.0/0",
            "egress": false,
            "from_port": 1024,
            "icmp_code": null,
            "icmp_type": null,
            "id": "nacl-3412198111",
            "ipv6_cidr_block": "",
            "network_acl_id": "acl-041569fc399381500",
            "protocol": "6",
            "region": "us-east-2",
            "rule_action": "allow",
            "rule_number": 120,
            "to_port": 65535
          },
          "sensitive_attributes": [],
          "private": "bnVsbA==",
          "dependencies": [
            "aws_network_acl.nacl_private",
            "aws_subnet.private_subnet",
            "aws_vpc.vpc-01",
            "random_pet.divya_pet"
          ]
        }
      ]
    },
    {
      "mode": "managed",
      "type": "aws_network_acl_rule",
      "name": "nacl_private_inbound_mysql",
      "provider": "provider[\"registry.terraform.io/hashicorp/aws\"]",
      "instances": [
        {
          "schema_version": 0,
          "attributes": {
            "cidr_block": "172.16.7.199/32",
            "egress": false,
            "from_port": 3306,
            "icmp_code": null,
            "icmp_type": null,
            "id": "nacl-2873014164",
            "ipv6_cidr_block": "",
            "network_acl_id": "acl-041569fc399381500",
            "protocol": "6",
            "region": "us-east-2",
            "rule_action": "allow",
            "rule_number": 100,
            "to_port": 3306
          },
          "sensitive_attributes": [],
          "private": "bnVsbA==",
          "dependencies": [
            "aws_instance.windows-Instance",
            "aws_key_pair.Divya_key",
            "aws_network_acl.nacl_private",
            "aws_security_group.Windows_SG",
            "aws_subnet.public_subnet",
            "random_pet.divya_pet",
            "tls_private_key.divya_private_key"
          ]
        }
      ]
    },
    {
      "mode": "managed",
      "type": "aws_network_acl_rule",
      "name": "nacl_private_inbound_ssh",
      "provider": "provider[\"registry.terraform.io/hashicorp/aws\"]",
      "instances": [
        {
          "schema_version": 0,
          "attributes": {
            "cidr_block": "172.16.7.199/32",
            "egress": false,
            "from_port": 22,
            "icmp_code": null,
            "icmp_type": null,
            "id": "nacl-1990749713",
            "ipv6_cidr_block": "",
            "network_acl_id": "acl-041569fc399381500",
            "protocol": "6",
            "region": "us-east-2",
            "rule_action": "allow",
            "rule_number": 110,
            "to_port": 22
          },
          "sensitive_attributes": [],
          "private": "bnVsbA==",
          "dependencies": [
            "aws_instance.windows-Instance",
            "aws_key_pair.Divya_key",
            "aws_network_acl.nacl_private",
            "aws_security_group.Windows_SG",
            "aws_subnet.public_subnet",
            "random_pet.divya_pet",
            "tls_private_key.divya_private_key"
          ]
        }
      ]
    },
    {
      "mode": "managed",
      "type": "aws_network_acl_rule",
      "name": "nacl_private_outbound_all",
      "provider": "provider[\"registry.terraform.io/hashicorp/aws\"]",
      "instances": [
        {
          "schema_version": 0,
          "attributes": {
            "cidr_block": "0.0.0.0/0",
            "egress": true,
            "from_port": 0,
            "icmp_code": null,
            "icmp_type": null,
            "id": "nacl-3626194770",
            "ipv6_cidr_block": "",
            "network_acl_id": "acl-041569fc399381500",
            "protocol": "-1",
            "region": "us-east-2",
            "rule_action": "allow",
            "rule_number": 500,
            "to_port": 0
          },
          "sensitive_attributes": [],
          "private": "bnVsbA==",
          "dependencies": [
            "aws_network_acl.nacl_private",
            "aws_subnet.private_subnet",
            "aws_vpc.vpc-01",
            "random_pet.divya_pet"
          ]
        }
      ]
    },
    {
      "mode": "managed",
      "type": "aws_network_acl_rule",
      "name": "nacl_public_inbound_dynamic",
      "provider": "provider[\"registry.terraform.io/hashicorp/aws\"]",
      "instances": [
        {
          "schema_version": 0,
          "attributes": {
            "cidr_block": "0.0.0.0/0",
            "egress": false,
            "from_port": 1024,
            "icmp_code": null,
            "icmp_type": null,
            "id": "nacl-4110576802",
            "ipv6_cidr_block": "",
            "network_acl_id": "acl-00ab3e97bfc58cff0",
            "protocol": "6",
            "region": "us-east-2",
            "rule_action": "allow",
            "rule_number": 130,
            "to_port": 65535
          },
          "sensitive_attributes": [],
          "private": "bnVsbA==",
          "dependencies": [
            "aws_network_acl.nacl_public",
            "aws_subnet.public_subnet",
            "aws_vpc.vpc-01",
            "random_pet.divya_pet"
          ]
        }
      ]
    },
    {
      "mode": "managed",
      "type": "aws_network_acl_rule",
      "name": "nacl_public_inbound_http",
      "provider": "provider[\"registry.terraform.io/hashicorp/aws\"]",
      "instances": [
        {
          "schema_version": 0,
          "attributes": {
            "cidr_block": "0.0.0.0/0",
            "egress": false,
            "from_port": 80,
            "icmp_code": null,
            "icmp_type": null,
            "id": "nacl-1221066860",
            "ipv6_cidr_block": "",
            "network_acl_id": "acl-00ab3e97bfc58cff0",
            "protocol": "6",
            "region": "us-east-2",
            "rule_action": "allow",
            "rule_number": 100,
            "to_port": 80
          },
          "sensitive_attributes": [],
          "private": "bnVsbA==",
          "dependencies": [
            "aws_network_acl.nacl_public",
            "aws_subnet.public_subnet",
            "aws_vpc.vpc-01",
            "random_pet.divya_pet"
          ]
        }
      ]
    },
    {
      "mode": "managed",
      "type": "aws_network_acl_rule",
      "name": "nacl_public_inbound_https",
      "provider": "provider[\"registry.terraform.io/hashicorp/aws\"]",
      "instances": [
        {
          "schema_version": 0,
          "attributes": {
            "cidr_block": "0.0.0.0/0",
            "egress": false,
            "from_port": 443,
            "icmp_code": null,
            "icmp_type": null,
            "id": "nacl-2506021353",
            "ipv6_cidr_block": "",
            "network_acl_id": "acl-00ab3e97bfc58cff0",
            "protocol": "6",
            "region": "us-east-2",
            "rule_action": "allow",
            "rule_number": 110,
            "to_port": 443
          },
          "sensitive_attributes": [],
          "private": "bnVsbA==",
          "dependencies": [
            "aws_network_acl.nacl_public",
            "aws_subnet.public_subnet",
            "aws_vpc.vpc-01",
            "random_pet.divya_pet"
          ]
        }
      ]
    },
    {
      "mode": "managed",
      "type": "aws_network_acl_rule",
      "name": "nacl_public_inbound_rdp",
      "provider": "provider[\"registry.terraform.io/hashicorp/aws\"]",
      "instances": [
        {
          "schema_version": 0,
          "attributes": {
            "cidr_block": "98.6.6.53/32",
            "egress": false,
            "from_port": 3389,
            "icmp_code": null,
            "icmp_type": null,
            "id": "nacl-680834343",
            "ipv6_cidr_block": "",
            "network_acl_id": "acl-00ab3e97bfc58cff0",
            "protocol": "6",
            "region": "us-east-2",
            "rule_action": "allow",
            "rule_number": 120,
            "to_port": 3389
          },
          "sensitive_attributes": [],
          "private": "bnVsbA==",
          "dependencies": [
            "aws_network_acl.nacl_public",
            "aws_subnet.public_subnet",
            "aws_vpc.vpc-01",
            "data.http.my_ip",
            "random_pet.divya_pet"
          ]
        }
      ]
    },
    {
      "mode": "managed",
      "type": "aws_network_acl_rule",
      "name": "nacl_public_outbound_all",
      "provider": "provider[\"registry.terraform.io/hashicorp/aws\"]",
      "instances": [
        {
          "schema_version": 0,
          "attributes": {
            "cidr_block": "0.0.0.0/0",
            "egress": true,
            "from_port": 0,
            "icmp_code": null,
            "icmp_type": null,
            "id": "nacl-3682819482",
            "ipv6_cidr_block": "",
            "network_acl_id": "acl-00ab3e97bfc58cff0",
            "protocol": "-1",
            "region": "us-east-2",
            "rule_action": "allow",
            "rule_number": 500,
            "to_port": 0
          },
          "sensitive_attributes": [],
          "private": "bnVsbA==",
          "dependencies": [
            "aws_network_acl.nacl_public",
            "aws_subnet.public_subnet",
            "aws_vpc.vpc-01",
            "random_pet.divya_pet"
          ]
        }
      ]
    },
    {
      "mode": "managed",
      "type": "aws_route_table",
      "name": "public_rt",
      "provider": "provider[\"registry.terraform.io/hashicorp/aws\"]",
      "instances": [
        {
          "schema_version": 0,
          "attributes": {
            "arn": "arn:aws:ec2:us-east-2:933277666186:route-table/rtb-028a9b72a5f39a02a",
            "id": "rtb-028a9b72a5f39a02a",
            "owner_id": "933277666186",
            "propagating_vgws": [],
            "region": "us-east-2",
            "route": [
              {
                "carrier_gateway_id": "",
                "cidr_block": "0.0.0.0/0",
                "core_network_arn": "",
                "destination_prefix_list_id": "",
                "egress_only_gateway_id": "",
                "gateway_id": "igw-0e7c793c7d81ba919",
                "ipv6_cidr_block": "",
                "local_gateway_id": "",
                "nat_gateway_id": "",
                "network_interface_id": "",
                "transit_gateway_id": "",
                "vpc_endpoint_id": "",
                "vpc_peering_connection_id": ""
              }
            ],
            "tags": {
              "Name": "public-duly-beloved-beetle"
            },
            "tags_all": {
              "Name": "public-duly-beloved-beetle"
            },
            "timeouts": null,
            "vpc_id": "vpc-071498b612f4f0608"
          },
          "sensitive_attributes": [],
          "private": "eyJlMmJmYjczMC1lY2FhLTExZTYtOGY4OC0zNDM2M2JjN2M0YzAiOnsiY3JlYXRlIjozMDAwMDAwMDAwMDAsImRlbGV0ZSI6MzAwMDAwMDAwMDAwLCJ1cGRhdGUiOjEyMDAwMDAwMDAwMH19",
          "dependencies": [
            "aws_internet_gateway.igw",
            "aws_vpc.vpc-01",
            "random_pet.divya_pet"
          ]
        }
      ]
    },
    {
      "mode": "managed",
      "type": "aws_route_table_association",
      "name": "public_rt_assoc",
      "provider": "provider[\"registry.terraform.io/hashicorp/aws\"]",
      "instances": [
        {
          "schema_version": 0,
          "attributes": {
            "gateway_id": "",
            "id": "rtbassoc-0f9f39ce71104dd73",
            "region": "us-east-2",
            "route_table_id": "rtb-028a9b72a5f39a02a",
            "subnet_id": "subnet-06dcadce443ebc0cd",
            "timeouts": null
          },
          "sensitive_attributes": [],
          "private": "eyJlMmJmYjczMC1lY2FhLTExZTYtOGY4OC0zNDM2M2JjN2M0YzAiOnsiY3JlYXRlIjozMDAwMDAwMDAwMDAsImRlbGV0ZSI6MzAwMDAwMDAwMDAwLCJ1cGRhdGUiOjEyMDAwMDAwMDAwMH19",
          "dependencies": [
            "aws_internet_gateway.igw",
            "aws_route_table.public_rt",
            "aws_subnet.public_subnet",
            "aws_vpc.vpc-01",
            "random_pet.divya_pet"
          ]
        }
      ]
    },
    {
      "mode": "managed",
      "type": "aws_security_group",
      "name": "Linux_SG",
      "provider": "provider[\"registry.terraform.io/hashicorp/aws\"]",
      "instances": [
        {
          "schema_version": 1,
          "attributes": {
            "arn": "arn:aws:ec2:us-east-2:933277666186:security-group/sg-0f5ec9cc0612e4007",
            "description": "Allows MYSQL and SSH",
            "egress": [
              {
                "cidr_blocks": [
                  "0.0.0.0/0"
                ],
                "description": "Allows all outbound traffic",
                "from_port": 0,
                "ipv6_cidr_blocks": [],
                "prefix_list_ids": [],
                "protocol": "-1",
                "security_groups": [],
                "self": false,
                "to_port": 0
              }
            ],
            "id": "sg-0f5ec9cc0612e4007",
            "ingress": [
              {
                "cidr_blocks": [
                  "172.16.7.199/32"
                ],
                "description": "Allows inbound MYSQL 3306",
                "from_port": 3306,
                "ipv6_cidr_blocks": [],
                "prefix_list_ids": [],
                "protocol": "tcp",
                "security_groups": [],
                "self": false,
                "to_port": 3306
              },
              {
                "cidr_blocks": [
                  "172.16.7.199/32"
                ],
                "description": "Allows inbound SSH 22",
                "from_port": 22,
                "ipv6_cidr_blocks": [],
                "prefix_list_ids": [],
                "protocol": "tcp",
                "security_groups": [],
                "self": false,
                "to_port": 22
              }
            ],
            "name": "Linux-duly-beloved-beetle-SG",
            "name_prefix": "",
            "owner_id": "933277666186",
            "region": "us-east-2",
            "revoke_rules_on_delete": false,
            "tags": {},
            "tags_all": {},
            "timeouts": null,
            "vpc_id": "vpc-071498b612f4f0608"
          },
          "sensitive_attributes": [],
          "private": "eyJlMmJmYjczMC1lY2FhLTExZTYtOGY4OC0zNDM2M2JjN2M0YzAiOnsiY3JlYXRlIjo2MDAwMDAwMDAwMDAsImRlbGV0ZSI6OTAwMDAwMDAwMDAwfSwic2NoZW1hX3ZlcnNpb24iOiIxIn0=",
          "dependencies": [
            "aws_instance.windows-Instance",
            "aws_key_pair.Divya_key",
            "aws_security_group.Windows_SG",
            "aws_subnet.public_subnet",
            "aws_vpc.vpc-01",
            "random_pet.divya_pet",
            "tls_private_key.divya_private_key"
          ]
        }
      ]
    },
    {
      "mode": "managed",
      "type": "aws_security_group",
      "name": "Windows_SG",
      "provider": "provider[\"registry.terraform.io/hashicorp/aws\"]",
      "instances": [
        {
          "schema_version": 1,
          "attributes": {
            "arn": "arn:aws:ec2:us-east-2:933277666186:security-group/sg-0fd0dd3b1c126ed06",
            "description": "Allows RDP, HTTP and HTTPS",
            "egress": [
              {
                "cidr_blocks": [
                  "0.0.0.0/0"
                ],
                "description": "Allows All outbound Traffic",
                "from_port": 0,
                "ipv6_cidr_blocks": [],
                "prefix_list_ids": [],
                "protocol": "-1",
                "security_groups": [],
                "self": false,
                "to_port": 0
              }
            ],
            "id": "sg-0fd0dd3b1c126ed06",
            "ingress": [
              {
                "cidr_blocks": [
                  "0.0.0.0/0"
                ],
                "description": "Allows inbound HTTP 80",
                "from_port": 80,
                "ipv6_cidr_blocks": [],
                "prefix_list_ids": [],
                "protocol": "tcp",
                "security_groups": [],
                "self": false,
                "to_port": 80
              },
              {
                "cidr_blocks": [
                  "0.0.0.0/0"
                ],
                "description": "Allows inbound HTTPS 443",
                "from_port": 443,
                "ipv6_cidr_blocks": [],
                "prefix_list_ids": [],
                "protocol": "tcp",
                "security_groups": [],
                "self": false,
                "to_port": 443
              },
              {
                "cidr_blocks": [
                  "98.6.6.53/32"
                ],
                "description": "Allows inbound RDP 3389",
                "from_port": 3389,
                "ipv6_cidr_blocks": [],
                "prefix_list_ids": [],
                "protocol": "tcp",
                "security_groups": [],
                "self": false,
                "to_port": 3389
              }
            ],
            "name": "Windows-duly-beloved-beetle-SG",
            "name_prefix": "",
            "owner_id": "933277666186",
            "region": "us-east-2",
            "revoke_rules_on_delete": false,
            "tags": {
              "Name": "Windows-duly-beloved-beetle-SG"
            },
            "tags_all": {
              "Name": "Windows-duly-beloved-beetle-SG"
            },
            "timeouts": null,
            "vpc_id": "vpc-071498b612f4f0608"
          },
          "sensitive_attributes": [],
          "private": "eyJlMmJmYjczMC1lY2FhLTExZTYtOGY4OC0zNDM2M2JjN2M0YzAiOnsiY3JlYXRlIjo2MDAwMDAwMDAwMDAsImRlbGV0ZSI6OTAwMDAwMDAwMDAwfSwic2NoZW1hX3ZlcnNpb24iOiIxIn0=",
          "dependencies": [
            "aws_vpc.vpc-01",
            "data.http.my_ip",
            "random_pet.divya_pet"
          ]
        }
      ]
    },
    {
      "mode": "managed",
      "type": "aws_subnet",
      "name": "private_subnet",
      "provider": "provider[\"registry.terraform.io/hashicorp/aws\"]",
      "instances": [
        {
          "schema_version": 1,
          "attributes": {
            "arn": "arn:aws:ec2:us-east-2:933277666186:subnet/subnet-05ee925fbb9f70d75",
            "assign_ipv6_address_on_creation": false,
            "availability_zone": "us-east-2b",
            "availability_zone_id": "use2-az2",
            "cidr_block": "172.16.8.0/21",
            "customer_owned_ipv4_pool": "",
            "enable_dns64": false,
            "enable_lni_at_device_index": 0,
            "enable_resource_name_dns_a_record_on_launch": false,
            "enable_resource_name_dns_aaaa_record_on_launch": false,
            "id": "subnet-05ee925fbb9f70d75",
            "ipv6_cidr_block": "",
            "ipv6_cidr_block_association_id": "",
            "ipv6_native": false,
            "map_customer_owned_ip_on_launch": false,
            "map_public_ip_on_launch": false,
            "outpost_arn": "",
            "owner_id": "933277666186",
            "private_dns_hostname_type_on_launch": "ip-name",
            "region": "us-east-2",
            "tags": {
              "Name": "private-duly-beloved-beetle"
            },
            "tags_all": {
              "Name": "private-duly-beloved-beetle"
            },
            "timeouts": null,
            "vpc_id": "vpc-071498b612f4f0608"
          },
          "sensitive_attributes": [],
          "private": "eyJlMmJmYjczMC1lY2FhLTExZTYtOGY4OC0zNDM2M2JjN2M0YzAiOnsiY3JlYXRlIjo2MDAwMDAwMDAwMDAsImRlbGV0ZSI6MTIwMDAwMDAwMDAwMH0sInNjaGVtYV92ZXJzaW9uIjoiMSJ9",
          "dependencies": [
            "aws_vpc.vpc-01",
            "random_pet.divya_pet"
          ]
        }
      ]
    },
    {
      "mode": "managed",
      "type": "aws_subnet",
      "name": "public_subnet",
      "provider": "provider[\"registry.terraform.io/hashicorp/aws\"]",
      "instances": [
        {
          "schema_version": 1,
          "attributes": {
            "arn": "arn:aws:ec2:us-east-2:933277666186:subnet/subnet-06dcadce443ebc0cd",
            "assign_ipv6_address_on_creation": false,
            "availability_zone": "us-east-2a",
            "availability_zone_id": "use2-az1",
            "cidr_block": "172.16.0.0/21",
            "customer_owned_ipv4_pool": "",
            "enable_dns64": false,
            "enable_lni_at_device_index": 0,
            "enable_resource_name_dns_a_record_on_launch": false,
            "enable_resource_name_dns_aaaa_record_on_launch": false,
            "id": "subnet-06dcadce443ebc0cd",
            "ipv6_cidr_block": "",
            "ipv6_cidr_block_association_id": "",
            "ipv6_native": false,
            "map_customer_owned_ip_on_launch": false,
            "map_public_ip_on_launch": false,
            "outpost_arn": "",
            "owner_id": "933277666186",
            "private_dns_hostname_type_on_launch": "ip-name",
            "region": "us-east-2",
            "tags": {
              "Name": "public-duly-beloved-beetle"
            },
            "tags_all": {
              "Name": "public-duly-beloved-beetle"
            },
            "timeouts": null,
            "vpc_id": "vpc-071498b612f4f0608"
          },
          "sensitive_attributes": [],
          "private": "eyJlMmJmYjczMC1lY2FhLTExZTYtOGY4OC0zNDM2M2JjN2M0YzAiOnsiY3JlYXRlIjo2MDAwMDAwMDAwMDAsImRlbGV0ZSI6MTIwMDAwMDAwMDAwMH0sInNjaGVtYV92ZXJzaW9uIjoiMSJ9",
          "dependencies": [
            "aws_vpc.vpc-01",
            "random_pet.divya_pet"
          ]
        }
      ]
    },
    {
      "mode": "managed",
      "type": "aws_vpc",
      "name": "vpc-01",
      "provider": "provider[\"registry.terraform.io/hashicorp/aws\"]",
      "instances": [
        {
          "schema_version": 1,
          "attributes": {
            "arn": "arn:aws:ec2:us-east-2:933277666186:vpc/vpc-071498b612f4f0608",
            "assign_generated_ipv6_cidr_block": false,
            "cidr_block": "172.16.0.0/20",
            "default_network_acl_id": "acl-0034ff751e41107bd",
            "default_route_table_id": "rtb-0b79856bfd811d590",
            "default_security_group_id": "sg-0e079e1160b6fa773",
            "dhcp_options_id": "dopt-0509141b68b0549e8",
            "enable_dns_hostnames": true,
            "enable_dns_support": true,
            "enable_network_address_usage_metrics": false,
            "id": "vpc-071498b612f4f0608",
            "instance_tenancy": "default",
            "ipv4_ipam_pool_id": null,
            "ipv4_netmask_length": null,
            "ipv6_association_id": "",
            "ipv6_cidr_block": "",
            "ipv6_cidr_block_network_border_group": "",
            "ipv6_ipam_pool_id": "",
            "ipv6_netmask_length": 0,
            "main_route_table_id": "rtb-0b79856bfd811d590",
            "owner_id": "933277666186",
            "region": "us-east-2",
            "tags": {
              "Name": "duly-beloved-beetle"
            },
            "tags_all": {
              "Name": "duly-beloved-beetle"
            }
          },
          "sensitive_attributes": [],
          "private": "eyJzY2hlbWFfdmVyc2lvbiI6IjEifQ==",
          "dependencies": [
            "random_pet.divya_pet"
          ]
        }
      ]
    },
    {
      "mode": "managed",
      "type": "local_file",
      "name": "Divya_private_key_pem",
      "provider": "provider[\"registry.terraform.io/hashicorp/local\"]",
      "instances": [
        {
          "schema_version": 0,
          "attributes": {
            "content": "-----BEGIN RSA PRIVATE KEY-----\nMIIEoQIBAAKCAQEAwlSAk8ACEDhfFZXTMMsIsACn9FqWIfVETlZVRD/9TJxr8+sw\nv/3hYg+7izJzljsQcZW5o0vmvXMaMVyN+vJGlwBqVRnkow46GZV/mWbvQ23ssH8d\n7TcAyBGUEPrhx67Sgu7xGITjD1OG0sk6x6YLC7epUrEiWW27D3uHSqQPEuyHuCOQ\nXiYez7y2uRS0K6ACR3maxNYYPovNCyqthvvgHsZ25AoGzTmtgiaZ98vw1/cSemOz\nlEocCFI7qfdsExoFeQb7Ov+cdau0828roxp3lQn1kwb0A33MkWEMjjdoaIUkfxcX\nHyVY5kM1y9L9bFT5y9XpG5WAG2w+7NxbtnEY6wIDAQABAoH/Vgfc2LPbiBq835j0\nqMSnCNP5Ew1kNZIJ/unUHzEqXAZPGHSqWdc/HTqEzBK/aVkM0R1K6LoXY2n7Xl90\nFVT3mxQ9iPpsn/VX6Qc3P4dt/d99dgU65+BLreRcBsXZZ7C1pSGsQ7k1G5ootNKI\n7x2n+1Y/738hA5UzaP2/QL2ZsuO4LZ2fdXTZ3zSvL45lQsLUP5PZ8w0wSRgExhmp\nSU2nYiy129nDUmQ7cH/sHX46wTfGZaiTl9UwUJ+ujhVh71OpAK5RKAfple2uyAjo\n1Fpx923QWOFakv7APt+Pf2IoW586mQh8HH5Lc2BlV+k3yOQ41+eet4RgxyEuKwIW\noUchAoGBAOTUz/OAhSZSdQdM8SXn9Le56AfSyWq9bZWlXb2CFHfSfJrg9XTA2pqP\nQ+cRdoAIWN/233aNin0zlCYej9hnUDtcG/7IlZQgWxPb1PRIa8xOt3ywdvwyhPFV\nHVzFo3w5RhvZUgKVceX3HQdYpBog2LM3r9PkhzIxkKvQiLAed4hLAoGBANlnC/Nb\n6K42dq2LgAr/W/hboTHNd6JHstupJJTElzj9oVyXN/JBPr2QXQvn5axlLSSH2zK+\nwsxZ65QoiuiOeINrB/YERrmS+11OP1A0fpIoOSqtbxKHy6HBwJOWrZly1Kb89veA\n325WoiuUSFrcCWFzxkBbO38QkGqlHPgbU43hAoGAMAfrTjUfvZd5MPsZctdpKlc/\nOMUpudng8pQvROPU4AGyXd/yJXuFZwPDQPENanpWDUyIQx4af4UgB5BKqSWmVY9T\n4PrBSsIv2888t7mrxsqPAQEZOH5yISW4cAyb8CslaBsJd7lemuJvmWclqsZSNevu\nYA+LwSFeOHIg/ramaFkCgYEAvWeqoL39LPJkWPRFfM9XSDxEZshUpzyCFh/5r+bK\nvSszTyCr7FJtn+fLONkzXwvS1ZXLIh3SRwk8VhswUkX1tsEj8XFuULU+a98FCBKE\nB0Al9gmd0G4gue+8oJjQ6/SAUm/nlmBfyJiPtxn8I7S6M34TRfR2FFDRESiC4aGl\nHOECgYAlDTdPeHvuuyv8DLf+BzyIoTf+BrswFrRrnj9huJ/z3PIOsNiT+RJFJlPF\nSsxjI1Z2t7cbT7pE7k8upS46AbL8nDE/4WzBLGIRRFykED5HnPoeXITzMdfnX8tV\nrVEXLbaD/GOQHtQFNlls3ghBGSd6t8w/nqHYXSGY1ZBx3aZ2xw==\n-----END RSA PRIVATE KEY-----\n",
            "content_base64": null,
            "content_base64sha256": "UTUzqx2FPZhuAJrd71IyyZablQST2FMlnSiHaVK/VwE=",
            "content_base64sha512": "ng5UgIw33nrcKU2UG4RvV7r66IeThDJRW76mB/ctia5a3SE15INdfIQClfq+Nv2TKBPysEEiMKhs8sRnZ2Rzkg==",
            "content_md5": "0109b4bb5fc55a43cad87476de1264fa",
            "content_sha1": "f5639e2e1b07ee47f1d83a12ae460f3f6790a672",
            "content_sha256": "513533ab1d853d986e009addef5232c9969b950493d853259d28876952bf5701",
            "content_sha512": "9e0e54808c37de7adc294d941b846f57bafae887938432515bbea607f72d89ae5add2135e4835d7c840295fabe36fd932813f2b0412230a86cf2c46767647392",
            "directory_permission": "0777",
            "file_permission": "0777",
            "filename": "duly-beloved-beetle_private.pem",
            "id": "f5639e2e1b07ee47f1d83a12ae460f3f6790a672",
            "sensitive_content": null,
            "source": null
          },
          "sensitive_attributes": [
            [
              {
                "type": "get_attr",
                "value": "content"
              }
            ]
          ],
          "dependencies": [
            "random_pet.divya_pet",
            "tls_private_key.divya_private_key"
          ]
        }
      ]
    },
    {
      "mode": "managed",
      "type": "local_file",
      "name": "divya_encrpt_pwd",
      "provider": "provider[\"registry.terraform.io/hashicorp/local\"]",
      "instances": [
        {
          "schema_version": 0,
          "attributes": {
            "content": "haiQxHROZG5pfvAIaELyjWKrozX2q25ygIdSJeS4C+qbL32pzejPtH2VX3zrl+ri4tWRe3fVi7zhi7E/enr4WtdyooGXhT3n/8AaigilKzOOA+2w7yvFp4FIHb6p6HSUW9V2CxPry+ruJYZoYpyt+5LC6joSCfmZggyCBWKt4TOBV6y9CD3otGpoga0+FBBwSdxMsbJEoBBqtE19rzHVA4SotPEIVGtd/uUem2puqpkQBmuE9BYS0F0oKvl66dytnse0Qu2Okhu/K9sMr+cbAJ6iWYVT2Uw0dWXb2n/QB3YmN4Eg9YP+9gdOqXQepXlcdl3N+hotVnsnYjroqTgukw==",
            "content_base64": null,
            "content_base64sha256": "NYb8wGNASJdGC+EazHV9IFUp1poCRtuZ55Qs6UTIqDo=",
            "content_base64sha512": "3L/Vdqqd2Aik+SbU4yVx6riowke5OQFmQZpZvsY3wFwTmp83pEyYo/LHeE3w9XFx4LQpjHb0xWqotf1jX5ePIg==",
            "content_md5": "17a745117153dbe214ce93696d2b79cf",
            "content_sha1": "01fe50204374bba1173d380ed3b3e74f09335690",
            "content_sha256": "3586fcc063404897460be11acc757d205529d69a0246db99e7942ce944c8a83a",
            "content_sha512": "dcbfd576aa9dd808a4f926d4e32571eab8a8c247b9390166419a59bec637c05c139a9f37a44c98a3f2c7784df0f57171e0b4298c76f4c56aa8b5fd635f978f22",
            "directory_permission": "0777",
            "file_permission": "0777",
            "filename": "divya_web_server_encrypted_password.txt",
            "id": "01fe50204374bba1173d380ed3b3e74f09335690",
            "sensitive_content": null,
            "source": null
          },
          "sensitive_attributes": [],
          "dependencies": [
            "aws_instance.windows-Instance",
            "aws_key_pair.Divya_key",
            "aws_security_group.Windows_SG",
            "aws_subnet.public_subnet",
            "local_file.Divya_private_key_pem",
            "random_pet.divya_pet",
            "tls_private_key.divya_private_key"
          ]
        }
      ]
    },
    {
      "mode": "managed",
      "type": "local_file",
      "name": "divya_public_key_pem",
      "provider": "provider[\"registry.terraform.io/hashicorp/local\"]",
      "instances": [
        {
          "schema_version": 0,
          "attributes": {
            "content": "ssh-rsa AAAAB3NzaC1yc2EAAAADAQABAAABAQDCVICTwAIQOF8VldMwywiwAKf0WpYh9UROVlVEP/1MnGvz6zC//eFiD7uLMnOWOxBxlbmjS+a9cxoxXI368kaXAGpVGeSjDjoZlX+ZZu9Dbeywfx3tNwDIEZQQ+uHHrtKC7vEYhOMPU4bSyTrHpgsLt6lSsSJZbbsPe4dKpA8S7Ie4I5BeJh7PvLa5FLQroAJHeZrE1hg+i80LKq2G++AexnbkCgbNOa2CJpn3y/DX9xJ6Y7OUShwIUjup92wTGgV5Bvs6/5x1q7TzbyujGneVCfWTBvQDfcyRYQyON2hohSR/FxcfJVjmQzXL0v1sVPnL1ekblYAbbD7s3Fu2cRjr\n",
            "content_base64": null,
            "content_base64sha256": "heqEVWXpfVAOrAKCedbDayQkkljcwf0I4JLuzD4Q//Q=",
            "content_base64sha512": "7MjCFwAuKYaBmggK+XBhewvTm7Ew+uFMiofc5UTT1gc/OvYgcLmXlA+brsQLtIplMZAkCxJu0be4EygUdcgc9g==",
            "content_md5": "2a730ca1e1dcbddb985439b3b6cf661f",
            "content_sha1": "d437c56bd9e0586ce18d7e5f84820462d0e95cea",
            "content_sha256": "85ea845565e97d500eac028279d6c36b24249258dcc1fd08e092eecc3e10fff4",
            "content_sha512": "ecc8c217002e2986819a080af970617b0bd39bb130fae14c8a87dce544d3d6073f3af62070b997940f9baec40bb48a653190240b126ed1b7b813281475c81cf6",
            "directory_permission": "0777",
            "file_permission": "0777",
            "filename": "duly-beloved-beetle_public.pem",
            "id": "d437c56bd9e0586ce18d7e5f84820462d0e95cea",
            "sensitive_content": null,
            "source": null
          },
          "sensitive_attributes": [],
          "dependencies": [
            "random_pet.divya_pet",
            "tls_private_key.divya_private_key"
          ]
        }
      ]
    },
    {
      "mode": "managed",
      "type": "local_file",
      "name": "divya_rdp_file",
      "provider": "provider[\"registry.terraform.io/hashicorp/local\"]",
      "instances": [
        {
          "schema_version": 0,
          "attributes": {
            "content": "auto connect:i:1\nfull address:s:18.116.171.88\nusername:s:Administrator\naudiomode:i:2\naudiocapturemode:i:1\n",
            "content_base64": null,
            "content_base64sha256": "e3PhSBG4/ZFUbN8PYRoVuQ+USlpJ3nHKBeDOGVec/xA=",
            "content_base64sha512": "auDoNx6ORZ+m61J56MV/qSeWozeU2GDEguC3woQBFf4iKhOnCz66EGf+nqRGu3hm66sFYDHXshnmwyQGTlL2zA==",
            "content_md5": "33261f0e4c3daf945397a61b26332219",
            "content_sha1": "78fc1e775086accde960b1ea574378e97edde4b4",
            "content_sha256": "7b73e14811b8fd91546cdf0f611a15b90f944a5a49de71ca05e0ce19579cff10",
            "content_sha512": "6ae0e8371e8e459fa6eb5279e8c57fa92796a33794d860c482e0b7c2840115fe222a13a70b3eba1067fe9ea446bb7866ebab056031d7b219e6c324064e52f6cc",
            "directory_permission": "0777",
            "file_permission": "0777",
            "filename": "divya_web_20250901002556.rdp",
            "id": "78fc1e775086accde960b1ea574378e97edde4b4",
            "sensitive_content": null,
            "source": null
          },
          "sensitive_attributes": [],
          "dependencies": [
            "aws_eip.Windows_eip",
            "aws_eip_association.windows_eip_assoc",
            "aws_instance.windows-Instance",
            "aws_key_pair.Divya_key",
            "aws_security_group.Windows_SG",
            "aws_subnet.public_subnet",
            "random_pet.divya_pet",
            "tls_private_key.divya_private_key"
          ]
        }
      ]
    },
    {
      "mode": "managed",
      "type": "null_resource",
      "name": "rdp_execute",
      "provider": "provider[\"registry.terraform.io/hashicorp/null\"]",
      "instances": [
        {
          "schema_version": 0,
          "attributes": {
            "id": "6258271741237654398",
            "triggers": {
              "rdp_file": "divya_web_20250901002556.rdp"
            }
          },
          "sensitive_attributes": [],
          "dependencies": [
            "aws_eip.Windows_eip",
            "aws_eip_association.windows_eip_assoc",
            "aws_instance.windows-Instance",
            "aws_key_pair.Divya_key",
            "aws_security_group.Windows_SG",
            "aws_subnet.public_subnet",
            "local_file.divya_rdp_file",
            "random_pet.divya_pet",
            "tls_private_key.divya_private_key"
          ]
        }
      ]
    },
    {
      "mode": "managed",
      "type": "random_id",
      "name": "divya_id",
      "provider": "provider[\"registry.terraform.io/hashicorp/random\"]",
      "instances": [
        {
          "schema_version": 0,
          "attributes": {
            "b64_std": "3f3wS1R5kUI=",
            "b64_url": "3f3wS1R5kUI",
            "byte_length": 8,
            "dec": "15996205657820336450",
            "hex": "ddfdf04b54799142",
            "id": "3f3wS1R5kUI",
            "keepers": null,
            "prefix": null
          },
          "sensitive_attributes": []
        }
      ]
    },
    {
      "mode": "managed",
      "type": "random_integer",
      "name": "divya_integer",
      "provider": "provider[\"registry.terraform.io/hashicorp/random\"]",
      "instances": [
        {
          "schema_version": 0,
          "attributes": {
            "id": "83",
            "keepers": null,
            "max": 100,
            "min": 10,
            "result": 83,
            "seed": null
          },
          "sensitive_attributes": []
        }
      ]
    },
    {
      "mode": "managed",
      "type": "random_password",
      "name": "divya_password",
      "provider": "provider[\"registry.terraform.io/hashicorp/random\"]",
      "instances": [
        {
          "schema_version": 3,
          "attributes": {
            "bcrypt_hash": "$2a$10$uF8TVvgU4fv9Oz.B/9xiBeMpWMuM/RmGtyXrkxGmyERS1IDEpXD4y",
            "id": "none",
            "keepers": null,
            "length": 15,
            "lower": true,
            "min_lower": 0,
            "min_numeric": 0,
            "min_special": 0,
            "min_upper": 0,
            "number": true,
            "numeric": true,
            "override_special": null,
            "result": "4zkHgD)Dhw2u%5Z",
            "special": true,
            "upper": true
          },
          "sensitive_attributes": []
        }
      ]
    },
    {
      "mode": "managed",
      "type": "random_pet",
      "name": "divya_pet",
      "provider": "provider[\"registry.terraform.io/hashicorp/random\"]",
      "instances": [
        {
          "schema_version": 0,
          "attributes": {
            "id": "duly-beloved-beetle",
            "keepers": null,
            "length": 3,
            "prefix": null,
            "separator": "-"
          },
          "sensitive_attributes": []
        }
      ]
    },
    {
      "mode": "managed",
      "type": "random_shuffle",
      "name": "random_region",
      "provider": "provider[\"registry.terraform.io/hashicorp/random\"]",
      "instances": [
        {
          "schema_version": 0,
          "attributes": {
            "id": "-",
            "input": [
              "us-east-1",
              "us-east-2"
            ],
            "keepers": null,
            "result": [
              "us-east-1"
            ],
            "result_count": 1,
            "seed": null
          },
          "sensitive_attributes": []
        }
      ]
    },
    {
      "mode": "managed",
      "type": "random_string",
      "name": "divya_string",
      "provider": "provider[\"registry.terraform.io/hashicorp/random\"]",
      "instances": [
        {
          "schema_version": 2,
          "attributes": {
            "id": "r1[BthsZhuk:DT*",
            "keepers": null,
            "length": 15,
            "lower": true,
            "min_lower": 0,
            "min_numeric": 0,
            "min_special": 0,
            "min_upper": 0,
            "number": true,
            "numeric": true,
            "override_special": null,
            "result": "r1[BthsZhuk:DT*",
            "special": true,
            "upper": true
          },
          "sensitive_attributes": []
        }
      ]
    },
    {
      "mode": "managed",
      "type": "random_uuid",
      "name": "divya_uuid",
      "provider": "provider[\"registry.terraform.io/hashicorp/random\"]",
      "instances": [
        {
          "schema_version": 0,
          "attributes": {
            "id": "4d150deb-05a7-b914-f4f6-e56b00134b45",
            "keepers": null,
            "result": "4d150deb-05a7-b914-f4f6-e56b00134b45"
          },
          "sensitive_attributes": []
        }
      ]
    },
    {
      "mode": "managed",
      "type": "tls_private_key",
      "name": "divya_private_key",
      "provider": "provider[\"registry.terraform.io/hashicorp/tls\"]",
      "instances": [
        {
          "schema_version": 1,
          "attributes": {
            "algorithm": "RSA",
            "ecdsa_curve": "P224",
            "id": "8e641c8c9fec5ec8d10c6627b436e1c7903e4d36",
            "private_key_openssh": "-----BEGIN OPENSSH PRIVATE KEY-----\nb3BlbnNzaC1rZXktdjEAAAAABG5vbmUAAAAEbm9uZQAAAAAAAAABAAABFwAAAAdz\nc2gtcnNhAAAAAwEAAQAAAQEAwlSAk8ACEDhfFZXTMMsIsACn9FqWIfVETlZVRD/9\nTJxr8+swv/3hYg+7izJzljsQcZW5o0vmvXMaMVyN+vJGlwBqVRnkow46GZV/mWbv\nQ23ssH8d7TcAyBGUEPrhx67Sgu7xGITjD1OG0sk6x6YLC7epUrEiWW27D3uHSqQP\nEuyHuCOQXiYez7y2uRS0K6ACR3maxNYYPovNCyqthvvgHsZ25AoGzTmtgiaZ98vw\n1/cSemOzlEocCFI7qfdsExoFeQb7Ov+cdau0828roxp3lQn1kwb0A33MkWEMjjdo\naIUkfxcXHyVY5kM1y9L9bFT5y9XpG5WAG2w+7NxbtnEY6wAAA7jrpzqQ66c6kAAA\nAAdzc2gtcnNhAAABAQDCVICTwAIQOF8VldMwywiwAKf0WpYh9UROVlVEP/1MnGvz\n6zC//eFiD7uLMnOWOxBxlbmjS+a9cxoxXI368kaXAGpVGeSjDjoZlX+ZZu9Dbeyw\nfx3tNwDIEZQQ+uHHrtKC7vEYhOMPU4bSyTrHpgsLt6lSsSJZbbsPe4dKpA8S7Ie4\nI5BeJh7PvLa5FLQroAJHeZrE1hg+i80LKq2G++AexnbkCgbNOa2CJpn3y/DX9xJ6\nY7OUShwIUjup92wTGgV5Bvs6/5x1q7TzbyujGneVCfWTBvQDfcyRYQyON2hohSR/\nFxcfJVjmQzXL0v1sVPnL1ekblYAbbD7s3Fu2cRjrAAAAAwEAAQAAAP9WB9zYs9uI\nGrzfmPSoxKcI0/kTDWQ1kgn+6dQfMSpcBk8YdKpZ1z8dOoTMEr9pWQzRHUrouhdj\nafteX3QVVPebFD2I+myf9VfpBzc/h2393312BTrn4Eut5FwGxdlnsLWlIaxDuTUb\nmii00ojvHaf7Vj/vfyEDlTNo/b9AvZmy47gtnZ91dNnfNK8vjmVCwtQ/k9nzDTBJ\nGATGGalJTadiLLXb2cNSZDtwf+wdfjrBN8ZlqJOX1TBQn66OFWHvU6kArlEoB+mV\n7a7ICOjUWnH3bdBY4VqS/sA+349/YihbnzqZCHwcfktzYGVX6TfI5DjX5563hGDH\nIS4rAhahRyEAAACAJQ03T3h77rsr/Ay3/gc8iKE3/ga7MBa0a54/Ybif89zyDrDY\nk/kSRSZTxUrMYyNWdre3G0+6RO5PLqUuOgGy/JwxP+FswSxiEURcpBA+R5z6HlyE\n8zHX51/LVa1RFy22g/xjkB7UBTZZbN4IQRknerfMP56h2F0hmNWQcd2mdscAAACB\nAOTUz/OAhSZSdQdM8SXn9Le56AfSyWq9bZWlXb2CFHfSfJrg9XTA2pqPQ+cRdoAI\nWN/233aNin0zlCYej9hnUDtcG/7IlZQgWxPb1PRIa8xOt3ywdvwyhPFVHVzFo3w5\nRhvZUgKVceX3HQdYpBog2LM3r9PkhzIxkKvQiLAed4hLAAAAgQDZZwvzW+iuNnat\ni4AK/1v4W6ExzXeiR7LbqSSUxJc4/aFclzfyQT69kF0L5+WsZS0kh9syvsLMWeuU\nKIrojniDawf2BEa5kvtdTj9QNH6SKDkqrW8Sh8uhwcCTlq2ZctSm/Pb3gN9uVqIr\nlEha3Alhc8ZAWzt/EJBqpRz4G1ON4QAAAAABAgME\n-----END OPENSSH PRIVATE KEY-----\n",
            "private_key_pem": "-----BEGIN RSA PRIVATE KEY-----\nMIIEoQIBAAKCAQEAwlSAk8ACEDhfFZXTMMsIsACn9FqWIfVETlZVRD/9TJxr8+sw\nv/3hYg+7izJzljsQcZW5o0vmvXMaMVyN+vJGlwBqVRnkow46GZV/mWbvQ23ssH8d\n7TcAyBGUEPrhx67Sgu7xGITjD1OG0sk6x6YLC7epUrEiWW27D3uHSqQPEuyHuCOQ\nXiYez7y2uRS0K6ACR3maxNYYPovNCyqthvvgHsZ25AoGzTmtgiaZ98vw1/cSemOz\nlEocCFI7qfdsExoFeQb7Ov+cdau0828roxp3lQn1kwb0A33MkWEMjjdoaIUkfxcX\nHyVY5kM1y9L9bFT5y9XpG5WAG2w+7NxbtnEY6wIDAQABAoH/Vgfc2LPbiBq835j0\nqMSnCNP5Ew1kNZIJ/unUHzEqXAZPGHSqWdc/HTqEzBK/aVkM0R1K6LoXY2n7Xl90\nFVT3mxQ9iPpsn/VX6Qc3P4dt/d99dgU65+BLreRcBsXZZ7C1pSGsQ7k1G5ootNKI\n7x2n+1Y/738hA5UzaP2/QL2ZsuO4LZ2fdXTZ3zSvL45lQsLUP5PZ8w0wSRgExhmp\nSU2nYiy129nDUmQ7cH/sHX46wTfGZaiTl9UwUJ+ujhVh71OpAK5RKAfple2uyAjo\n1Fpx923QWOFakv7APt+Pf2IoW586mQh8HH5Lc2BlV+k3yOQ41+eet4RgxyEuKwIW\noUchAoGBAOTUz/OAhSZSdQdM8SXn9Le56AfSyWq9bZWlXb2CFHfSfJrg9XTA2pqP\nQ+cRdoAIWN/233aNin0zlCYej9hnUDtcG/7IlZQgWxPb1PRIa8xOt3ywdvwyhPFV\nHVzFo3w5RhvZUgKVceX3HQdYpBog2LM3r9PkhzIxkKvQiLAed4hLAoGBANlnC/Nb\n6K42dq2LgAr/W/hboTHNd6JHstupJJTElzj9oVyXN/JBPr2QXQvn5axlLSSH2zK+\nwsxZ65QoiuiOeINrB/YERrmS+11OP1A0fpIoOSqtbxKHy6HBwJOWrZly1Kb89veA\n325WoiuUSFrcCWFzxkBbO38QkGqlHPgbU43hAoGAMAfrTjUfvZd5MPsZctdpKlc/\nOMUpudng8pQvROPU4AGyXd/yJXuFZwPDQPENanpWDUyIQx4af4UgB5BKqSWmVY9T\n4PrBSsIv2888t7mrxsqPAQEZOH5yISW4cAyb8CslaBsJd7lemuJvmWclqsZSNevu\nYA+LwSFeOHIg/ramaFkCgYEAvWeqoL39LPJkWPRFfM9XSDxEZshUpzyCFh/5r+bK\nvSszTyCr7FJtn+fLONkzXwvS1ZXLIh3SRwk8VhswUkX1tsEj8XFuULU+a98FCBKE\nB0Al9gmd0G4gue+8oJjQ6/SAUm/nlmBfyJiPtxn8I7S6M34TRfR2FFDRESiC4aGl\nHOECgYAlDTdPeHvuuyv8DLf+BzyIoTf+BrswFrRrnj9huJ/z3PIOsNiT+RJFJlPF\nSsxjI1Z2t7cbT7pE7k8upS46AbL8nDE/4WzBLGIRRFykED5HnPoeXITzMdfnX8tV\nrVEXLbaD/GOQHtQFNlls3ghBGSd6t8w/nqHYXSGY1ZBx3aZ2xw==\n-----END RSA PRIVATE KEY-----\n",
            "private_key_pem_pkcs8": "-----BEGIN PRIVATE KEY-----\nMIIEuwIBADANBgkqhkiG9w0BAQEFAASCBKUwggShAgEAAoIBAQDCVICTwAIQOF8V\nldMwywiwAKf0WpYh9UROVlVEP/1MnGvz6zC//eFiD7uLMnOWOxBxlbmjS+a9cxox\nXI368kaXAGpVGeSjDjoZlX+ZZu9Dbeywfx3tNwDIEZQQ+uHHrtKC7vEYhOMPU4bS\nyTrHpgsLt6lSsSJZbbsPe4dKpA8S7Ie4I5BeJh7PvLa5FLQroAJHeZrE1hg+i80L\nKq2G++AexnbkCgbNOa2CJpn3y/DX9xJ6Y7OUShwIUjup92wTGgV5Bvs6/5x1q7Tz\nbyujGneVCfWTBvQDfcyRYQyON2hohSR/FxcfJVjmQzXL0v1sVPnL1ekblYAbbD7s\n3Fu2cRjrAgMBAAECgf9WB9zYs9uIGrzfmPSoxKcI0/kTDWQ1kgn+6dQfMSpcBk8Y\ndKpZ1z8dOoTMEr9pWQzRHUrouhdjafteX3QVVPebFD2I+myf9VfpBzc/h2393312\nBTrn4Eut5FwGxdlnsLWlIaxDuTUbmii00ojvHaf7Vj/vfyEDlTNo/b9AvZmy47gt\nnZ91dNnfNK8vjmVCwtQ/k9nzDTBJGATGGalJTadiLLXb2cNSZDtwf+wdfjrBN8Zl\nqJOX1TBQn66OFWHvU6kArlEoB+mV7a7ICOjUWnH3bdBY4VqS/sA+349/YihbnzqZ\nCHwcfktzYGVX6TfI5DjX5563hGDHIS4rAhahRyECgYEA5NTP84CFJlJ1B0zxJef0\nt7noB9LJar1tlaVdvYIUd9J8muD1dMDamo9D5xF2gAhY3/bfdo2KfTOUJh6P2GdQ\nO1wb/siVlCBbE9vU9EhrzE63fLB2/DKE8VUdXMWjfDlGG9lSApVx5fcdB1ikGiDY\nszev0+SHMjGQq9CIsB53iEsCgYEA2WcL81vorjZ2rYuACv9b+FuhMc13okey26kk\nlMSXOP2hXJc38kE+vZBdC+flrGUtJIfbMr7CzFnrlCiK6I54g2sH9gRGuZL7XU4/\nUDR+kig5Kq1vEofLocHAk5atmXLUpvz294DfblaiK5RIWtwJYXPGQFs7fxCQaqUc\n+BtTjeECgYAwB+tONR+9l3kw+xly12kqVz84xSm52eDylC9E49TgAbJd3/Ile4Vn\nA8NA8Q1qelYNTIhDHhp/hSAHkEqpJaZVj1Pg+sFKwi/bzzy3uavGyo8BARk4fnIh\nJbhwDJvwKyVoGwl3uV6a4m+ZZyWqxlI16+5gD4vBIV44ciD+tqZoWQKBgQC9Z6qg\nvf0s8mRY9EV8z1dIPERmyFSnPIIWH/mv5sq9KzNPIKvsUm2f58s42TNfC9LVlcsi\nHdJHCTxWGzBSRfW2wSPxcW5QtT5r3wUIEoQHQCX2CZ3QbiC577ygmNDr9IBSb+eW\nYF/ImI+3GfwjtLozfhNF9HYUUNERKILhoaUc4QKBgCUNN094e+67K/wMt/4HPIih\nN/4GuzAWtGueP2G4n/Pc8g6w2JP5EkUmU8VKzGMjVna3txtPukTuTy6lLjoBsvyc\nMT/hbMEsYhFEXKQQPkec+h5chPMx1+dfy1WtURcttoP8Y5Ae1AU2WWzeCEEZJ3q3\nzD+eodhdIZjVkHHdpnbH\n-----END PRIVATE KEY-----\n",
            "public_key_fingerprint_md5": "54:3e:80:4c:86:4c:94:97:3d:99:d1:07:5e:d7:01:eb",
            "public_key_fingerprint_sha256": "SHA256:vIM1bjQbAfTi/yoIC73/2tFS3XJsaH4UlEtn4KAMqF4",
            "public_key_openssh": "ssh-rsa AAAAB3NzaC1yc2EAAAADAQABAAABAQDCVICTwAIQOF8VldMwywiwAKf0WpYh9UROVlVEP/1MnGvz6zC//eFiD7uLMnOWOxBxlbmjS+a9cxoxXI368kaXAGpVGeSjDjoZlX+ZZu9Dbeywfx3tNwDIEZQQ+uHHrtKC7vEYhOMPU4bSyTrHpgsLt6lSsSJZbbsPe4dKpA8S7Ie4I5BeJh7PvLa5FLQroAJHeZrE1hg+i80LKq2G++AexnbkCgbNOa2CJpn3y/DX9xJ6Y7OUShwIUjup92wTGgV5Bvs6/5x1q7TzbyujGneVCfWTBvQDfcyRYQyON2hohSR/FxcfJVjmQzXL0v1sVPnL1ekblYAbbD7s3Fu2cRjr\n",
            "public_key_pem": "-----BEGIN PUBLIC KEY-----\nMIIBIjANBgkqhkiG9w0BAQEFAAOCAQ8AMIIBCgKCAQEAwlSAk8ACEDhfFZXTMMsI\nsACn9FqWIfVETlZVRD/9TJxr8+swv/3hYg+7izJzljsQcZW5o0vmvXMaMVyN+vJG\nlwBqVRnkow46GZV/mWbvQ23ssH8d7TcAyBGUEPrhx67Sgu7xGITjD1OG0sk6x6YL\nC7epUrEiWW27D3uHSqQPEuyHuCOQXiYez7y2uRS0K6ACR3maxNYYPovNCyqthvvg\nHsZ25AoGzTmtgiaZ98vw1/cSemOzlEocCFI7qfdsExoFeQb7Ov+cdau0828roxp3\nlQn1kwb0A33MkWEMjjdoaIUkfxcXHyVY5kM1y9L9bFT5y9XpG5WAG2w+7NxbtnEY\n6wIDAQAB\n-----END PUBLIC KEY-----\n",
            "rsa_bits": 2048
          },
          "sensitive_attributes": []
        }
      ]
    }
  ],
  "check_results": null
}
